
Microsoft Visual Studio Solution File, Format Version 12.00
# Visual Studio Version 17
VisualStudioVersion = 17.0.31903.59
MinimumVisualStudioVersion = 10.0.40219.1
Project("{FAE04EC0-301F-11D3-BF4B-00C04F79EFBC}") = "FlexCore.Caching.Core", "..\Projects\FlexCore.Caching.Core\FlexCore.Caching.Core.csproj", "{F1FE80CC-CBE0-4E5D-BBF4-813ECD823BB0}"
EndProject
Project("{FAE04EC0-301F-11D3-BF4B-00C04F79EFBC}") = "FlexCore.Caching.Exceptions", "..\Projects\FlexCore.Caching.Exceptions\FlexCore.Caching.Exceptions.csproj", "{3F5120D3-C2DA-4A5C-92DE-8BB54A83ABEF}"
EndProject
Project("{FAE04EC0-301F-11D3-BF4B-00C04F79EFBC}") = "FlexCore.Caching.Factory", "..\Projects\FlexCore.Caching.Factory\FlexCore.Caching.Factory.csproj", "{F32DEEF3-EF7D-4372-87D9-E8F583C8B7C2}"
EndProject
Project("{FAE04EC0-301F-11D3-BF4B-00C04F79EFBC}") = "FlexCore.Caching.Handlers", "..\Projects\FlexCore.Caching.Handlers\FlexCore.Caching.Handlers.csproj", "{B0C52D84-75D0-4F8A-B577-EB322CE6FEB8}"
EndProject
Project("{FAE04EC0-301F-11D3-BF4B-00C04F79EFBC}") = "FlexCore.Caching.Interfaces", "..\Projects\FlexCore.Caching.Interfaces\FlexCore.Caching.Interfaces.csproj", "{87B08B7C-E938-4B5C-AC85-25A80445E32D}"
EndProject
Project("{FAE04EC0-301F-11D3-BF4B-00C04F79EFBC}") = "FlexCore.Caching.Memory", "..\Projects\FlexCore.Caching.Memory\FlexCore.Caching.Memory.csproj", "{688950F0-3D37-45CB-9B1B-176F9163B114}"
EndProject
Project("{FAE04EC0-301F-11D3-BF4B-00C04F79EFBC}") = "FlexCore.Caching.Redis", "..\Projects\FlexCore.Caching.Redis\FlexCore.Caching.Redis.csproj", "{B921CF8E-4A40-421A-8253-AA3C20DAABA8}"
EndProject
Project("{FAE04EC0-301F-11D3-BF4B-00C04F79EFBC}") = "FlexCore.Caching.Validators", "..\Projects\FlexCore.Caching.Validators\FlexCore.Caching.Validators.csproj", "{B3AFBF33-5877-47AD-A275-F729507C3B42}"
EndProject
Project("{FAE04EC0-301F-11D3-BF4B-00C04F79EFBC}") = "FlexCore.Core.Configuration", "..\Projects\FlexCore.Core.Configuration\FlexCore.Core.Configuration.csproj", "{573D5E08-D537-4534-A564-8B36D1AA7EE2}"
EndProject
Project("{FAE04EC0-301F-11D3-BF4B-00C04F79EFBC}") = "FlexCore.Core.Utilities", "..\Projects\FlexCore.Core.Utilities\FlexCore.Core.Utilities.csproj", "{F3CA5F1B-DCD8-4207-B343-0CD39BF97DB9}"
EndProject
Project("{FAE04EC0-301F-11D3-BF4B-00C04F79EFBC}") = "FlexCore.Database.Core", "..\Projects\FlexCore.Database.Core\FlexCore.Database.Core.csproj", "{18570576-660A-45B6-A542-D3A2FE498E2B}"
EndProject
Project("{FAE04EC0-301F-11D3-BF4B-00C04F79EFBC}") = "FlexCore.Database.Factory", "..\Projects\FlexCore.Database.Factory\FlexCore.Database.Factory.csproj", "{6A9B07DB-5EDD-4C75-931F-E6882FF42CC0}"
EndProject
Project("{FAE04EC0-301F-11D3-BF4B-00C04F79EFBC}") = "FlexCore.Database.Interfaces", "..\Projects\FlexCore.Database.Interfaces\FlexCore.Database.Interfaces.csproj", "{5A4FB420-3790-49E3-8F56-5F89F553F983}"
EndProject
Project("{FAE04EC0-301F-11D3-BF4B-00C04F79EFBC}") = "FlexCore.Database.SQLite", "..\Projects\FlexCore.Database.SQLite\FlexCore.Database.SQLite.csproj", "{412886CB-D91E-4B58-B91C-E818410B90F4}"
EndProject
Project("{FAE04EC0-301F-11D3-BF4B-00C04F79EFBC}") = "FlexCore.Database.SQLServer", "..\Projects\FlexCore.Database.SQLServer\FlexCore.Database.SQLServer.csproj", "{E79F6D1A-2256-448D-82D3-D774C206D631}"
EndProject
Project("{FAE04EC0-301F-11D3-BF4B-00C04F79EFBC}") = "FlexCore.Infrastructure.Commands", "..\Projects\FlexCore.Infrastructure.Commands\FlexCore.Infrastructure.Commands.csproj", "{B7720AC6-02A0-4EF1-AF16-314E415F22EE}"
EndProject
Project("{FAE04EC0-301F-11D3-BF4B-00C04F79EFBC}") = "FlexCore.Infrastructure.Events", "..\Projects\FlexCore.Infrastructure.Events\FlexCore.Infrastructure.Events.csproj", "{86762868-0B67-4229-989F-B57FFFAF8D13}"
EndProject
Project("{FAE04EC0-301F-11D3-BF4B-00C04F79EFBC}") = "FlexCore.Logging.Console", "..\Projects\FlexCore.Logging.Console\FlexCore.Logging.Console.csproj", "{22D54369-23F3-4AEA-BA8A-507115AB3F40}"
EndProject
Project("{FAE04EC0-301F-11D3-BF4B-00C04F79EFBC}") = "FlexCore.Logging.Core", "..\Projects\FlexCore.Logging.Core\FlexCore.Logging.Core.csproj", "{85EFACF4-2088-42DD-9651-64C2C58051ED}"
EndProject
Project("{FAE04EC0-301F-11D3-BF4B-00C04F79EFBC}") = "FlexCore.Logging.Factory", "..\Projects\FlexCore.Logging.Factory\FlexCore.Logging.Factory.csproj", "{63D0D1AE-8A7D-483A-87C2-75B85C995D5B}"
EndProject
Project("{FAE04EC0-301F-11D3-BF4B-00C04F79EFBC}") = "FlexCore.Logging.Interfaces", "..\Projects\FlexCore.Logging.Interfaces\FlexCore.Logging.Interfaces.csproj", "{6AFD31B1-4F07-4EDA-8419-F7C11FA63BCA}"
EndProject
Project("{FAE04EC0-301F-11D3-BF4B-00C04F79EFBC}") = "FlexCore.Logging.Log4Net", "..\Projects\FlexCore.Logging.Log4Net\FlexCore.Logging.Log4Net.csproj", "{034DA793-A18A-438B-BDB0-D02ABDB45024}"
EndProject
Project("{FAE04EC0-301F-11D3-BF4B-00C04F79EFBC}") = "FlexCore.Logging.Serilog", "..\Projects\FlexCore.Logging.Serilog\FlexCore.Logging.Serilog.csproj", "{5F62AA37-F9BE-422A-9FF9-88141889C7A1}"
EndProject
Project("{FAE04EC0-301F-11D3-BF4B-00C04F79EFBC}") = "FlexCore.ORM.Core", "..\Projects\FlexCore.ORM.Core\FlexCore.ORM.Core.csproj", "{099C1966-4C1F-4128-BEEF-41BE35B2F3AE}"
EndProject
Project("{FAE04EC0-301F-11D3-BF4B-00C04F79EFBC}") = "FlexCore.ORM.Core.Factory", "..\Projects\FlexCore.ORM.Core.Factory\FlexCore.ORM.Core.Factory.csproj", "{D480E665-079B-47E8-984C-3381E5B1A9E8}"
EndProject
Project("{FAE04EC0-301F-11D3-BF4B-00C04F79EFBC}") = "FlexCore.ORM.Core.Interfaces", "..\Projects\FlexCore.ORM.Core.Interfaces\FlexCore.ORM.Core.Interfaces.csproj", "{148A988B-0F9E-4922-8630-C1E94C7043B1}"
EndProject
Project("{FAE04EC0-301F-11D3-BF4B-00C04F79EFBC}") = "FlexCore.ORM.Providers.ADO", "..\Projects\FlexCore.ORM.Providers.ADO\FlexCore.ORM.Providers.ADO.csproj", "{B346B560-978D-4673-A1F8-1AC5FCC2A829}"
EndProject
Project("{FAE04EC0-301F-11D3-BF4B-00C04F79EFBC}") = "FlexCore.ORM.Providers.Dapper", "..\Projects\FlexCore.ORM.Providers.Dapper\FlexCore.ORM.Providers.Dapper.csproj", "{FE0D746A-A534-49F3-8347-7448FE1DDF52}"
EndProject
Project("{FAE04EC0-301F-11D3-BF4B-00C04F79EFBC}") = "FlexCore.ORM.Providers.EFCore", "..\Projects\FlexCore.ORM.Providers.EFCore\FlexCore.ORM.Providers.EFCore.csproj", "{D4A6FAF2-717D-438F-A996-4BB05DC018FF}"
EndProject
Project("{FAE04EC0-301F-11D3-BF4B-00C04F79EFBC}") = "FlexCore.Core.Configuration.Extensions", "..\Projects\FlexCore.Core.Configuration.Extensions\FlexCore.Core.Configuration.Extensions.csproj", "{5E5E6174-B0E6-43DD-9DA8-3BD078D51972}"
EndProject
Project("{FAE04EC0-301F-11D3-BF4B-00C04F79EFBC}") = "FlexCore.Core.Configuration.Models", "..\Projects\FlexCore.Core.Configuration.Models\FlexCore.Core.Configuration.Models.csproj", "{9B46ABCF-EDE1-4423-B20B-C59E9B94029F}"
EndProject
Project("{2150E333-8FDC-42A3-9474-1A3956D46DE8}") = "Sources", "Sources", "{6C83A596-D32D-B35F-00DD-F0C99B673980}"
EndProject
Project("{2150E333-8FDC-42A3-9474-1A3956D46DE8}") = "Tests", "Tests", "{7D44812E-E5D3-440F-A2A0-7F944D173C10}"
EndProject
Project("{FAE04EC0-301F-11D3-BF4B-00C04F79EFBC}") = "FlexCore.Caching.Core.Tests", "..\Tests\FlexCore.Caching.Core.Tests\FlexCore.Caching.Core.Tests.csproj", "{C070B296-9183-4128-A08B-C19E2FCE9D8A}"
EndProject
Project("{FAE04EC0-301F-11D3-BF4B-00C04F79EFBC}") = "FlexCore.Caching.Memory.Tests", "..\Tests\FlexCore.Caching.Memory.Tests\FlexCore.Caching.Memory.Tests.csproj", "{2FD863FE-5E22-4CFF-8965-3A63F2DCB989}"
EndProject
Project("{FAE04EC0-301F-11D3-BF4B-00C04F79EFBC}") = "FlexCore.Caching.Exceptions.Tests", "..\Tests\FlexCore.Caching.Exceptions.Tests\FlexCore.Caching.Exceptions.Tests.csproj", "{64EADAB1-3649-4B3D-B080-9D7443003DA3}"
EndProject
Project("{FAE04EC0-301F-11D3-BF4B-00C04F79EFBC}") = "FlexCore.Caching.Factory.Tests", "..\Tests\FlexCore.Caching.Factory.Tests\FlexCore.Caching.Factory.Tests.csproj", "{5955EE9D-0606-43EA-A714-07F752D8B36B}"
EndProject
Project("{FAE04EC0-301F-11D3-BF4B-00C04F79EFBC}") = "FlexCore.Caching.Validators.Tests", "..\Tests\FlexCore.Caching.Validators.Tests\FlexCore.Caching.Validators.Tests.csproj", "{5AEDAC6E-47F2-BE24-3D76-A4DE862169AE}"
EndProject
Project("{FAE04EC0-301F-11D3-BF4B-00C04F79EFBC}") = "FlexCore.Caching.Redis.Tests", "..\Tests\FlexCore.Caching.Redis.Tests\FlexCore.Caching.Redis.Tests.csproj", "{94CA2725-0437-48FC-9774-7842F2363004}"
EndProject
Project("{FAE04EC0-301F-11D3-BF4B-00C04F79EFBC}") = "FlexCore.Caching.Handlers.Tests", "..\Tests\FlexCore.Caching.Handlers.Tests\FlexCore.Caching.Handlers.Tests.csproj", "{B48B405D-4DA3-FD55-E0D5-87AED490B597}"
EndProject
Project("{FAE04EC0-301F-11D3-BF4B-00C04F79EFBC}") = "FlexCore.Caching.Interfaces.Tests", "..\Tests\FlexCore.Caching.Interfaces\FlexCore.Caching.Interfaces.Tests.csproj", "{67620A36-E999-444A-9B0F-6EBCBF830189}"
EndProject
Project("{2150E333-8FDC-42A3-9474-1A3956D46DE8}") = "Caching", "Caching", "{139402E6-B8A1-40FA-9854-3023EA99D575}"
EndProject
Project("{2150E333-8FDC-42A3-9474-1A3956D46DE8}") = "Caching", "Caching", "{D11F4EC2-5455-4C0A-AB9F-675524E7D2F6}"
EndProject
Project("{2150E333-8FDC-42A3-9474-1A3956D46DE8}") = "Core", "Core", "{D3E9FB60-C7AA-4068-AD24-79A8BC8FEF94}"
EndProject
Project("{2150E333-8FDC-42A3-9474-1A3956D46DE8}") = "Database", "Database", "{31DC5EF5-AF3F-4AD2-B944-03A39E4CE043}"
EndProject
Project("{2150E333-8FDC-42A3-9474-1A3956D46DE8}") = "Infrastructure", "Infrastructure", "{C85001B2-D8D9-49F8-A249-22AEED95792B}"
EndProject
Project("{2150E333-8FDC-42A3-9474-1A3956D46DE8}") = "Logging", "Logging", "{0749C0B9-3B34-4F69-96E7-129D45EE4901}"
EndProject
Project("{2150E333-8FDC-42A3-9474-1A3956D46DE8}") = "ORM", "ORM", "{6F112BF4-18AF-4774-B4C1-8E4B19257EDE}"
EndProject
Project("{2150E333-8FDC-42A3-9474-1A3956D46DE8}") = "Core", "Core", "{5586A21B-5F37-487D-8644-F134620D124C}"
EndProject
Project("{FAE04EC0-301F-11D3-BF4B-00C04F79EFBC}") = "FlexCore.Core.Configuration.Tests", "..\Tests\FlexCore.Core.Configuration.Tests\FlexCore.Core.Configuration.Tests.csproj", "{AAD7BC55-A36F-42CA-BC73-29C3A95713D1}"
EndProject
Project("{FAE04EC0-301F-11D3-BF4B-00C04F79EFBC}") = "FlexCore.Core.Utilities.Tests", "..\Tests\FlexCore.Core.Utilities.Tests\FlexCore.Core.Utilities.Tests.csproj", "{94E4AA8F-9C93-4A30-9A1E-D8D9550832A4}"
EndProject
Project("{FAE04EC0-301F-11D3-BF4B-00C04F79EFBC}") = "FlexCore.Core.Configuration.Extensions.Tests", "..\Tests\FlexCore.Core.Configuration.Extensions.Tests\FlexCore.Core.Configuration.Extensions.Tests.csproj", "{C65212F8-D8FC-4F9D-A5C1-390197F1117E}"
EndProject
Project("{FAE04EC0-301F-11D3-BF4B-00C04F79EFBC}") = "FlexCore.Core.Configuration.Models.Tests", "..\Tests\FlexCore.Core.Configuration.Models.Tests\FlexCore.Core.Configuration.Models.Tests.csproj", "{B1952FC6-E7EF-4B43-A224-F166CCE88C87}"
EndProject
Project("{2150E333-8FDC-42A3-9474-1A3956D46DE8}") = "Database", "Database", "{CE7C7A6C-9DC1-4A2D-8BBE-2A70CFC14842}"
EndProject
Project("{FAE04EC0-301F-11D3-BF4B-00C04F79EFBC}") = "FlexCore.Database.Core.Tests", "..\Tests\FlexCore.Database.Core.Tests\FlexCore.Database.Core.Tests.csproj", "{F3688FD1-E6A7-B759-C424-D653A95A6EEE}"
EndProject
Project("{FAE04EC0-301F-11D3-BF4B-00C04F79EFBC}") = "FlexCore.Database.Factory.Tests", "..\Tests\FlexCore.Database.Factory.Tests\FlexCore.Database.Factory.Tests.csproj", "{614EDC5E-DAF5-4386-914F-7AFE23DCDD2A}"
EndProject
Project("{FAE04EC0-301F-11D3-BF4B-00C04F79EFBC}") = "FlexCore.Database.SQLite.Tests", "..\Tests\FlexCore.Database.SQLite.Tests\FlexCore.Database.SQLite.Tests.csproj", "{E4626B1B-55DC-46EC-9D41-CF23BFCECC8F}"
EndProject
Project("{FAE04EC0-301F-11D3-BF4B-00C04F79EFBC}") = "FlexCore.Database.SQLServer.Tests", "..\Tests\FlexCore.Database.SQLServer.Tests\FlexCore.Database.SQLServer.Tests.csproj", "{FFFBCE23-ADD3-42C1-BE4B-8F90B90B9D58}"
EndProject
Project("{2150E333-8FDC-42A3-9474-1A3956D46DE8}") = "ORM", "ORM", "{43F3983D-390F-48D9-9488-F4AE09BB36D5}"
EndProject
Project("{FAE04EC0-301F-11D3-BF4B-00C04F79EFBC}") = "FlexCore.ORM.Core.Tests", "..\Tests\FlexCore.ORM.Core.Tests\FlexCore.ORM.Core.Tests.csproj", "{9629C123-F86F-495F-87FB-653AD40A8729}"
EndProject
Project("{FAE04EC0-301F-11D3-BF4B-00C04F79EFBC}") = "FlexCore.ORM.Providers.EFCore.Tests", "..\Tests\FlexCore.ORM.Providers.EFCore.Tests\FlexCore.ORM.Providers.EFCore.Tests.csproj", "{80309187-BD20-0365-4365-DD72E36B0E20}"
EndProject
Project("{2150E333-8FDC-42A3-9474-1A3956D46DE8}") = "Infrastructure", "Infrastructure", "{492F69AA-CB4F-421E-B937-4C0EEA2F05EC}"
EndProject
Project("{FAE04EC0-301F-11D3-BF4B-00C04F79EFBC}") = "FlexCore.Infrastructure.Commands.Tests", "..\Tests\FlexCore.Infrastructure.Commands.Tests\FlexCore.Infrastructure.Commands.Tests.csproj", "{CE2208B8-96A9-43DC-8662-E1614FB687E6}"
EndProject
Project("{FAE04EC0-301F-11D3-BF4B-00C04F79EFBC}") = "FlexCore.Database.MariaDB", "..\Projects\FlexCore.Database.MariaDB\FlexCore.Database.MariaDB.csproj", "{9240AEEA-661A-40C9-AD8C-0D9C6FA9074B}"
EndProject
Project("{FAE04EC0-301F-11D3-BF4B-00C04F79EFBC}") = "FlexCore.Database.MariaDB.Tests", "..\Tests\FlexCore.Database.MariaDB.Tests\FlexCore.Database.MariaDB.Tests.csproj", "{9D6E27A9-31A2-4650-90DA-C8F60AEC13E0}"
EndProject
Project("{2150E333-8FDC-42A3-9474-1A3956D46DE8}") = "Logging", "Logging", "{530E33DD-10DB-413E-A96D-23931823507C}"
EndProject
Project("{FAE04EC0-301F-11D3-BF4B-00C04F79EFBC}") = "FlexCore.Logging.Core.Tests", "..\Tests\FlexCore.Logging.Core.Tests\FlexCore.Logging.Core.Tests.csproj", "{ADE43EF7-3D0F-2DE7-9550-45AE0C9A376C}"
EndProject
Project("{FAE04EC0-301F-11D3-BF4B-00C04F79EFBC}") = "FlexCore.Logging.Console.Tests", "..\Tests\FlexCore.Logging.Console.Tests\FlexCore.Logging.Console.Tests.csproj", "{C59AEAD6-4DDE-4BB9-B597-9B930E5EF1F1}"
EndProject
Project("{FAE04EC0-301F-11D3-BF4B-00C04F79EFBC}") = "FlexCore.Logging.Factory.Tests", "..\Tests\FlexCore.Logging.Factory.Tests\FlexCore.Logging.Factory.Tests.csproj", "{4F4992BA-8617-4F41-A70E-2C6569B596F0}"
EndProject
Project("{FAE04EC0-301F-11D3-BF4B-00C04F79EFBC}") = "FlexCore.Logging.Interfaces.Tests", "..\Tests\FlexCore.Logging.Interfaces.Tests\FlexCore.Logging.Interfaces.Tests.csproj", "{725160D2-1402-40AB-9C50-05124F96E62D}"
EndProject
Project("{FAE04EC0-301F-11D3-BF4B-00C04F79EFBC}") = "FlexCore.Logging.Log4NetTests", "..\Tests\FlexCore.Logging.Log4NetTests\FlexCore.Logging.Log4NetTests.csproj", "{90DD2109-5F0F-4857-8CAB-F1D86BAD1727}"
EndProject
Project("{FAE04EC0-301F-11D3-BF4B-00C04F79EFBC}") = "FlexCore.Logging.Serilog.Tests", "..\Tests\FlexCore.Logging.Serilog.Tests\FlexCore.Logging.Serilog.Tests.csproj", "{D84A29F3-B3B4-417C-95F4-78A32AADB38A}"
EndProject
Global
	GlobalSection(SolutionConfigurationPlatforms) = preSolution
		Debug|Any CPU = Debug|Any CPU
		Debug|x64 = Debug|x64
		Debug|x86 = Debug|x86
		Release|Any CPU = Release|Any CPU
		Release|x64 = Release|x64
		Release|x86 = Release|x86
	EndGlobalSection
	GlobalSection(ProjectConfigurationPlatforms) = postSolution
		{F1FE80CC-CBE0-4E5D-BBF4-813ECD823BB0}.Debug|Any CPU.ActiveCfg = Debug|Any CPU
		{F1FE80CC-CBE0-4E5D-BBF4-813ECD823BB0}.Debug|Any CPU.Build.0 = Debug|Any CPU
		{F1FE80CC-CBE0-4E5D-BBF4-813ECD823BB0}.Debug|x64.ActiveCfg = Debug|Any CPU
		{F1FE80CC-CBE0-4E5D-BBF4-813ECD823BB0}.Debug|x64.Build.0 = Debug|Any CPU
		{F1FE80CC-CBE0-4E5D-BBF4-813ECD823BB0}.Debug|x86.ActiveCfg = Debug|Any CPU
		{F1FE80CC-CBE0-4E5D-BBF4-813ECD823BB0}.Debug|x86.Build.0 = Debug|Any CPU
		{F1FE80CC-CBE0-4E5D-BBF4-813ECD823BB0}.Release|Any CPU.ActiveCfg = Release|Any CPU
		{F1FE80CC-CBE0-4E5D-BBF4-813ECD823BB0}.Release|Any CPU.Build.0 = Release|Any CPU
		{F1FE80CC-CBE0-4E5D-BBF4-813ECD823BB0}.Release|x64.ActiveCfg = Release|Any CPU
		{F1FE80CC-CBE0-4E5D-BBF4-813ECD823BB0}.Release|x64.Build.0 = Release|Any CPU
		{F1FE80CC-CBE0-4E5D-BBF4-813ECD823BB0}.Release|x86.ActiveCfg = Release|Any CPU
		{F1FE80CC-CBE0-4E5D-BBF4-813ECD823BB0}.Release|x86.Build.0 = Release|Any CPU
		{3F5120D3-C2DA-4A5C-92DE-8BB54A83ABEF}.Debug|Any CPU.ActiveCfg = Debug|Any CPU
		{3F5120D3-C2DA-4A5C-92DE-8BB54A83ABEF}.Debug|Any CPU.Build.0 = Debug|Any CPU
		{3F5120D3-C2DA-4A5C-92DE-8BB54A83ABEF}.Debug|x64.ActiveCfg = Debug|Any CPU
		{3F5120D3-C2DA-4A5C-92DE-8BB54A83ABEF}.Debug|x64.Build.0 = Debug|Any CPU
		{3F5120D3-C2DA-4A5C-92DE-8BB54A83ABEF}.Debug|x86.ActiveCfg = Debug|Any CPU
		{3F5120D3-C2DA-4A5C-92DE-8BB54A83ABEF}.Debug|x86.Build.0 = Debug|Any CPU
		{3F5120D3-C2DA-4A5C-92DE-8BB54A83ABEF}.Release|Any CPU.ActiveCfg = Release|Any CPU
		{3F5120D3-C2DA-4A5C-92DE-8BB54A83ABEF}.Release|Any CPU.Build.0 = Release|Any CPU
		{3F5120D3-C2DA-4A5C-92DE-8BB54A83ABEF}.Release|x64.ActiveCfg = Release|Any CPU
		{3F5120D3-C2DA-4A5C-92DE-8BB54A83ABEF}.Release|x64.Build.0 = Release|Any CPU
		{3F5120D3-C2DA-4A5C-92DE-8BB54A83ABEF}.Release|x86.ActiveCfg = Release|Any CPU
		{3F5120D3-C2DA-4A5C-92DE-8BB54A83ABEF}.Release|x86.Build.0 = Release|Any CPU
		{F32DEEF3-EF7D-4372-87D9-E8F583C8B7C2}.Debug|Any CPU.ActiveCfg = Debug|Any CPU
		{F32DEEF3-EF7D-4372-87D9-E8F583C8B7C2}.Debug|Any CPU.Build.0 = Debug|Any CPU
		{F32DEEF3-EF7D-4372-87D9-E8F583C8B7C2}.Debug|x64.ActiveCfg = Debug|Any CPU
		{F32DEEF3-EF7D-4372-87D9-E8F583C8B7C2}.Debug|x64.Build.0 = Debug|Any CPU
		{F32DEEF3-EF7D-4372-87D9-E8F583C8B7C2}.Debug|x86.ActiveCfg = Debug|Any CPU
		{F32DEEF3-EF7D-4372-87D9-E8F583C8B7C2}.Debug|x86.Build.0 = Debug|Any CPU
		{F32DEEF3-EF7D-4372-87D9-E8F583C8B7C2}.Release|Any CPU.ActiveCfg = Release|Any CPU
		{F32DEEF3-EF7D-4372-87D9-E8F583C8B7C2}.Release|Any CPU.Build.0 = Release|Any CPU
		{F32DEEF3-EF7D-4372-87D9-E8F583C8B7C2}.Release|x64.ActiveCfg = Release|Any CPU
		{F32DEEF3-EF7D-4372-87D9-E8F583C8B7C2}.Release|x64.Build.0 = Release|Any CPU
		{F32DEEF3-EF7D-4372-87D9-E8F583C8B7C2}.Release|x86.ActiveCfg = Release|Any CPU
		{F32DEEF3-EF7D-4372-87D9-E8F583C8B7C2}.Release|x86.Build.0 = Release|Any CPU
		{B0C52D84-75D0-4F8A-B577-EB322CE6FEB8}.Debug|Any CPU.ActiveCfg = Debug|Any CPU
		{B0C52D84-75D0-4F8A-B577-EB322CE6FEB8}.Debug|Any CPU.Build.0 = Debug|Any CPU
		{B0C52D84-75D0-4F8A-B577-EB322CE6FEB8}.Debug|x64.ActiveCfg = Debug|Any CPU
		{B0C52D84-75D0-4F8A-B577-EB322CE6FEB8}.Debug|x64.Build.0 = Debug|Any CPU
		{B0C52D84-75D0-4F8A-B577-EB322CE6FEB8}.Debug|x86.ActiveCfg = Debug|Any CPU
		{B0C52D84-75D0-4F8A-B577-EB322CE6FEB8}.Debug|x86.Build.0 = Debug|Any CPU
		{B0C52D84-75D0-4F8A-B577-EB322CE6FEB8}.Release|Any CPU.ActiveCfg = Release|Any CPU
		{B0C52D84-75D0-4F8A-B577-EB322CE6FEB8}.Release|Any CPU.Build.0 = Release|Any CPU
		{B0C52D84-75D0-4F8A-B577-EB322CE6FEB8}.Release|x64.ActiveCfg = Release|Any CPU
		{B0C52D84-75D0-4F8A-B577-EB322CE6FEB8}.Release|x64.Build.0 = Release|Any CPU
		{B0C52D84-75D0-4F8A-B577-EB322CE6FEB8}.Release|x86.ActiveCfg = Release|Any CPU
		{B0C52D84-75D0-4F8A-B577-EB322CE6FEB8}.Release|x86.Build.0 = Release|Any CPU
		{87B08B7C-E938-4B5C-AC85-25A80445E32D}.Debug|Any CPU.ActiveCfg = Debug|Any CPU
		{87B08B7C-E938-4B5C-AC85-25A80445E32D}.Debug|Any CPU.Build.0 = Debug|Any CPU
		{87B08B7C-E938-4B5C-AC85-25A80445E32D}.Debug|x64.ActiveCfg = Debug|Any CPU
		{87B08B7C-E938-4B5C-AC85-25A80445E32D}.Debug|x64.Build.0 = Debug|Any CPU
		{87B08B7C-E938-4B5C-AC85-25A80445E32D}.Debug|x86.ActiveCfg = Debug|Any CPU
		{87B08B7C-E938-4B5C-AC85-25A80445E32D}.Debug|x86.Build.0 = Debug|Any CPU
		{87B08B7C-E938-4B5C-AC85-25A80445E32D}.Release|Any CPU.ActiveCfg = Release|Any CPU
		{87B08B7C-E938-4B5C-AC85-25A80445E32D}.Release|Any CPU.Build.0 = Release|Any CPU
		{87B08B7C-E938-4B5C-AC85-25A80445E32D}.Release|x64.ActiveCfg = Release|Any CPU
		{87B08B7C-E938-4B5C-AC85-25A80445E32D}.Release|x64.Build.0 = Release|Any CPU
		{87B08B7C-E938-4B5C-AC85-25A80445E32D}.Release|x86.ActiveCfg = Release|Any CPU
		{87B08B7C-E938-4B5C-AC85-25A80445E32D}.Release|x86.Build.0 = Release|Any CPU
		{688950F0-3D37-45CB-9B1B-176F9163B114}.Debug|Any CPU.ActiveCfg = Debug|Any CPU
		{688950F0-3D37-45CB-9B1B-176F9163B114}.Debug|Any CPU.Build.0 = Debug|Any CPU
		{688950F0-3D37-45CB-9B1B-176F9163B114}.Debug|x64.ActiveCfg = Debug|Any CPU
		{688950F0-3D37-45CB-9B1B-176F9163B114}.Debug|x64.Build.0 = Debug|Any CPU
		{688950F0-3D37-45CB-9B1B-176F9163B114}.Debug|x86.ActiveCfg = Debug|Any CPU
		{688950F0-3D37-45CB-9B1B-176F9163B114}.Debug|x86.Build.0 = Debug|Any CPU
		{688950F0-3D37-45CB-9B1B-176F9163B114}.Release|Any CPU.ActiveCfg = Release|Any CPU
		{688950F0-3D37-45CB-9B1B-176F9163B114}.Release|Any CPU.Build.0 = Release|Any CPU
		{688950F0-3D37-45CB-9B1B-176F9163B114}.Release|x64.ActiveCfg = Release|Any CPU
		{688950F0-3D37-45CB-9B1B-176F9163B114}.Release|x64.Build.0 = Release|Any CPU
		{688950F0-3D37-45CB-9B1B-176F9163B114}.Release|x86.ActiveCfg = Release|Any CPU
		{688950F0-3D37-45CB-9B1B-176F9163B114}.Release|x86.Build.0 = Release|Any CPU
		{B921CF8E-4A40-421A-8253-AA3C20DAABA8}.Debug|Any CPU.ActiveCfg = Debug|Any CPU
		{B921CF8E-4A40-421A-8253-AA3C20DAABA8}.Debug|Any CPU.Build.0 = Debug|Any CPU
		{B921CF8E-4A40-421A-8253-AA3C20DAABA8}.Debug|x64.ActiveCfg = Debug|Any CPU
		{B921CF8E-4A40-421A-8253-AA3C20DAABA8}.Debug|x64.Build.0 = Debug|Any CPU
		{B921CF8E-4A40-421A-8253-AA3C20DAABA8}.Debug|x86.ActiveCfg = Debug|Any CPU
		{B921CF8E-4A40-421A-8253-AA3C20DAABA8}.Debug|x86.Build.0 = Debug|Any CPU
		{B921CF8E-4A40-421A-8253-AA3C20DAABA8}.Release|Any CPU.ActiveCfg = Release|Any CPU
		{B921CF8E-4A40-421A-8253-AA3C20DAABA8}.Release|Any CPU.Build.0 = Release|Any CPU
		{B921CF8E-4A40-421A-8253-AA3C20DAABA8}.Release|x64.ActiveCfg = Release|Any CPU
		{B921CF8E-4A40-421A-8253-AA3C20DAABA8}.Release|x64.Build.0 = Release|Any CPU
		{B921CF8E-4A40-421A-8253-AA3C20DAABA8}.Release|x86.ActiveCfg = Release|Any CPU
		{B921CF8E-4A40-421A-8253-AA3C20DAABA8}.Release|x86.Build.0 = Release|Any CPU
		{B3AFBF33-5877-47AD-A275-F729507C3B42}.Debug|Any CPU.ActiveCfg = Debug|Any CPU
		{B3AFBF33-5877-47AD-A275-F729507C3B42}.Debug|Any CPU.Build.0 = Debug|Any CPU
		{B3AFBF33-5877-47AD-A275-F729507C3B42}.Debug|x64.ActiveCfg = Debug|Any CPU
		{B3AFBF33-5877-47AD-A275-F729507C3B42}.Debug|x64.Build.0 = Debug|Any CPU
		{B3AFBF33-5877-47AD-A275-F729507C3B42}.Debug|x86.ActiveCfg = Debug|Any CPU
		{B3AFBF33-5877-47AD-A275-F729507C3B42}.Debug|x86.Build.0 = Debug|Any CPU
		{B3AFBF33-5877-47AD-A275-F729507C3B42}.Release|Any CPU.ActiveCfg = Release|Any CPU
		{B3AFBF33-5877-47AD-A275-F729507C3B42}.Release|Any CPU.Build.0 = Release|Any CPU
		{B3AFBF33-5877-47AD-A275-F729507C3B42}.Release|x64.ActiveCfg = Release|Any CPU
		{B3AFBF33-5877-47AD-A275-F729507C3B42}.Release|x64.Build.0 = Release|Any CPU
		{B3AFBF33-5877-47AD-A275-F729507C3B42}.Release|x86.ActiveCfg = Release|Any CPU
		{B3AFBF33-5877-47AD-A275-F729507C3B42}.Release|x86.Build.0 = Release|Any CPU
		{573D5E08-D537-4534-A564-8B36D1AA7EE2}.Debug|Any CPU.ActiveCfg = Debug|Any CPU
		{573D5E08-D537-4534-A564-8B36D1AA7EE2}.Debug|Any CPU.Build.0 = Debug|Any CPU
		{573D5E08-D537-4534-A564-8B36D1AA7EE2}.Debug|x64.ActiveCfg = Debug|Any CPU
		{573D5E08-D537-4534-A564-8B36D1AA7EE2}.Debug|x64.Build.0 = Debug|Any CPU
		{573D5E08-D537-4534-A564-8B36D1AA7EE2}.Debug|x86.ActiveCfg = Debug|Any CPU
		{573D5E08-D537-4534-A564-8B36D1AA7EE2}.Debug|x86.Build.0 = Debug|Any CPU
		{573D5E08-D537-4534-A564-8B36D1AA7EE2}.Release|Any CPU.ActiveCfg = Release|Any CPU
		{573D5E08-D537-4534-A564-8B36D1AA7EE2}.Release|Any CPU.Build.0 = Release|Any CPU
		{573D5E08-D537-4534-A564-8B36D1AA7EE2}.Release|x64.ActiveCfg = Release|Any CPU
		{573D5E08-D537-4534-A564-8B36D1AA7EE2}.Release|x64.Build.0 = Release|Any CPU
		{573D5E08-D537-4534-A564-8B36D1AA7EE2}.Release|x86.ActiveCfg = Release|Any CPU
		{573D5E08-D537-4534-A564-8B36D1AA7EE2}.Release|x86.Build.0 = Release|Any CPU
		{F3CA5F1B-DCD8-4207-B343-0CD39BF97DB9}.Debug|Any CPU.ActiveCfg = Debug|Any CPU
		{F3CA5F1B-DCD8-4207-B343-0CD39BF97DB9}.Debug|Any CPU.Build.0 = Debug|Any CPU
		{F3CA5F1B-DCD8-4207-B343-0CD39BF97DB9}.Debug|x64.ActiveCfg = Debug|Any CPU
		{F3CA5F1B-DCD8-4207-B343-0CD39BF97DB9}.Debug|x64.Build.0 = Debug|Any CPU
		{F3CA5F1B-DCD8-4207-B343-0CD39BF97DB9}.Debug|x86.ActiveCfg = Debug|Any CPU
		{F3CA5F1B-DCD8-4207-B343-0CD39BF97DB9}.Debug|x86.Build.0 = Debug|Any CPU
		{F3CA5F1B-DCD8-4207-B343-0CD39BF97DB9}.Release|Any CPU.ActiveCfg = Release|Any CPU
		{F3CA5F1B-DCD8-4207-B343-0CD39BF97DB9}.Release|Any CPU.Build.0 = Release|Any CPU
		{F3CA5F1B-DCD8-4207-B343-0CD39BF97DB9}.Release|x64.ActiveCfg = Release|Any CPU
		{F3CA5F1B-DCD8-4207-B343-0CD39BF97DB9}.Release|x64.Build.0 = Release|Any CPU
		{F3CA5F1B-DCD8-4207-B343-0CD39BF97DB9}.Release|x86.ActiveCfg = Release|Any CPU
		{F3CA5F1B-DCD8-4207-B343-0CD39BF97DB9}.Release|x86.Build.0 = Release|Any CPU
		{18570576-660A-45B6-A542-D3A2FE498E2B}.Debug|Any CPU.ActiveCfg = Debug|Any CPU
		{18570576-660A-45B6-A542-D3A2FE498E2B}.Debug|Any CPU.Build.0 = Debug|Any CPU
		{18570576-660A-45B6-A542-D3A2FE498E2B}.Debug|x64.ActiveCfg = Debug|Any CPU
		{18570576-660A-45B6-A542-D3A2FE498E2B}.Debug|x64.Build.0 = Debug|Any CPU
		{18570576-660A-45B6-A542-D3A2FE498E2B}.Debug|x86.ActiveCfg = Debug|Any CPU
		{18570576-660A-45B6-A542-D3A2FE498E2B}.Debug|x86.Build.0 = Debug|Any CPU
		{18570576-660A-45B6-A542-D3A2FE498E2B}.Release|Any CPU.ActiveCfg = Release|Any CPU
		{18570576-660A-45B6-A542-D3A2FE498E2B}.Release|Any CPU.Build.0 = Release|Any CPU
		{18570576-660A-45B6-A542-D3A2FE498E2B}.Release|x64.ActiveCfg = Release|Any CPU
		{18570576-660A-45B6-A542-D3A2FE498E2B}.Release|x64.Build.0 = Release|Any CPU
		{18570576-660A-45B6-A542-D3A2FE498E2B}.Release|x86.ActiveCfg = Release|Any CPU
		{18570576-660A-45B6-A542-D3A2FE498E2B}.Release|x86.Build.0 = Release|Any CPU
		{6A9B07DB-5EDD-4C75-931F-E6882FF42CC0}.Debug|Any CPU.ActiveCfg = Debug|Any CPU
		{6A9B07DB-5EDD-4C75-931F-E6882FF42CC0}.Debug|Any CPU.Build.0 = Debug|Any CPU
		{6A9B07DB-5EDD-4C75-931F-E6882FF42CC0}.Debug|x64.ActiveCfg = Debug|Any CPU
		{6A9B07DB-5EDD-4C75-931F-E6882FF42CC0}.Debug|x64.Build.0 = Debug|Any CPU
		{6A9B07DB-5EDD-4C75-931F-E6882FF42CC0}.Debug|x86.ActiveCfg = Debug|Any CPU
		{6A9B07DB-5EDD-4C75-931F-E6882FF42CC0}.Debug|x86.Build.0 = Debug|Any CPU
		{6A9B07DB-5EDD-4C75-931F-E6882FF42CC0}.Release|Any CPU.ActiveCfg = Release|Any CPU
		{6A9B07DB-5EDD-4C75-931F-E6882FF42CC0}.Release|Any CPU.Build.0 = Release|Any CPU
		{6A9B07DB-5EDD-4C75-931F-E6882FF42CC0}.Release|x64.ActiveCfg = Release|Any CPU
		{6A9B07DB-5EDD-4C75-931F-E6882FF42CC0}.Release|x64.Build.0 = Release|Any CPU
		{6A9B07DB-5EDD-4C75-931F-E6882FF42CC0}.Release|x86.ActiveCfg = Release|Any CPU
		{6A9B07DB-5EDD-4C75-931F-E6882FF42CC0}.Release|x86.Build.0 = Release|Any CPU
		{5A4FB420-3790-49E3-8F56-5F89F553F983}.Debug|Any CPU.ActiveCfg = Debug|Any CPU
		{5A4FB420-3790-49E3-8F56-5F89F553F983}.Debug|Any CPU.Build.0 = Debug|Any CPU
		{5A4FB420-3790-49E3-8F56-5F89F553F983}.Debug|x64.ActiveCfg = Debug|Any CPU
		{5A4FB420-3790-49E3-8F56-5F89F553F983}.Debug|x64.Build.0 = Debug|Any CPU
		{5A4FB420-3790-49E3-8F56-5F89F553F983}.Debug|x86.ActiveCfg = Debug|Any CPU
		{5A4FB420-3790-49E3-8F56-5F89F553F983}.Debug|x86.Build.0 = Debug|Any CPU
		{5A4FB420-3790-49E3-8F56-5F89F553F983}.Release|Any CPU.ActiveCfg = Release|Any CPU
		{5A4FB420-3790-49E3-8F56-5F89F553F983}.Release|Any CPU.Build.0 = Release|Any CPU
		{5A4FB420-3790-49E3-8F56-5F89F553F983}.Release|x64.ActiveCfg = Release|Any CPU
		{5A4FB420-3790-49E3-8F56-5F89F553F983}.Release|x64.Build.0 = Release|Any CPU
		{5A4FB420-3790-49E3-8F56-5F89F553F983}.Release|x86.ActiveCfg = Release|Any CPU
		{5A4FB420-3790-49E3-8F56-5F89F553F983}.Release|x86.Build.0 = Release|Any CPU
		{412886CB-D91E-4B58-B91C-E818410B90F4}.Debug|Any CPU.ActiveCfg = Debug|Any CPU
		{412886CB-D91E-4B58-B91C-E818410B90F4}.Debug|Any CPU.Build.0 = Debug|Any CPU
		{412886CB-D91E-4B58-B91C-E818410B90F4}.Debug|x64.ActiveCfg = Debug|Any CPU
		{412886CB-D91E-4B58-B91C-E818410B90F4}.Debug|x64.Build.0 = Debug|Any CPU
		{412886CB-D91E-4B58-B91C-E818410B90F4}.Debug|x86.ActiveCfg = Debug|Any CPU
		{412886CB-D91E-4B58-B91C-E818410B90F4}.Debug|x86.Build.0 = Debug|Any CPU
		{412886CB-D91E-4B58-B91C-E818410B90F4}.Release|Any CPU.ActiveCfg = Release|Any CPU
		{412886CB-D91E-4B58-B91C-E818410B90F4}.Release|Any CPU.Build.0 = Release|Any CPU
		{412886CB-D91E-4B58-B91C-E818410B90F4}.Release|x64.ActiveCfg = Release|Any CPU
		{412886CB-D91E-4B58-B91C-E818410B90F4}.Release|x64.Build.0 = Release|Any CPU
		{412886CB-D91E-4B58-B91C-E818410B90F4}.Release|x86.ActiveCfg = Release|Any CPU
		{412886CB-D91E-4B58-B91C-E818410B90F4}.Release|x86.Build.0 = Release|Any CPU
		{E79F6D1A-2256-448D-82D3-D774C206D631}.Debug|Any CPU.ActiveCfg = Debug|Any CPU
		{E79F6D1A-2256-448D-82D3-D774C206D631}.Debug|Any CPU.Build.0 = Debug|Any CPU
		{E79F6D1A-2256-448D-82D3-D774C206D631}.Debug|x64.ActiveCfg = Debug|Any CPU
		{E79F6D1A-2256-448D-82D3-D774C206D631}.Debug|x64.Build.0 = Debug|Any CPU
		{E79F6D1A-2256-448D-82D3-D774C206D631}.Debug|x86.ActiveCfg = Debug|Any CPU
		{E79F6D1A-2256-448D-82D3-D774C206D631}.Debug|x86.Build.0 = Debug|Any CPU
		{E79F6D1A-2256-448D-82D3-D774C206D631}.Release|Any CPU.ActiveCfg = Release|Any CPU
		{E79F6D1A-2256-448D-82D3-D774C206D631}.Release|Any CPU.Build.0 = Release|Any CPU
		{E79F6D1A-2256-448D-82D3-D774C206D631}.Release|x64.ActiveCfg = Release|Any CPU
		{E79F6D1A-2256-448D-82D3-D774C206D631}.Release|x64.Build.0 = Release|Any CPU
		{E79F6D1A-2256-448D-82D3-D774C206D631}.Release|x86.ActiveCfg = Release|Any CPU
		{E79F6D1A-2256-448D-82D3-D774C206D631}.Release|x86.Build.0 = Release|Any CPU
		{B7720AC6-02A0-4EF1-AF16-314E415F22EE}.Debug|Any CPU.ActiveCfg = Debug|Any CPU
		{B7720AC6-02A0-4EF1-AF16-314E415F22EE}.Debug|Any CPU.Build.0 = Debug|Any CPU
		{B7720AC6-02A0-4EF1-AF16-314E415F22EE}.Debug|x64.ActiveCfg = Debug|Any CPU
		{B7720AC6-02A0-4EF1-AF16-314E415F22EE}.Debug|x64.Build.0 = Debug|Any CPU
		{B7720AC6-02A0-4EF1-AF16-314E415F22EE}.Debug|x86.ActiveCfg = Debug|Any CPU
		{B7720AC6-02A0-4EF1-AF16-314E415F22EE}.Debug|x86.Build.0 = Debug|Any CPU
		{B7720AC6-02A0-4EF1-AF16-314E415F22EE}.Release|Any CPU.ActiveCfg = Release|Any CPU
		{B7720AC6-02A0-4EF1-AF16-314E415F22EE}.Release|Any CPU.Build.0 = Release|Any CPU
		{B7720AC6-02A0-4EF1-AF16-314E415F22EE}.Release|x64.ActiveCfg = Release|Any CPU
		{B7720AC6-02A0-4EF1-AF16-314E415F22EE}.Release|x64.Build.0 = Release|Any CPU
		{B7720AC6-02A0-4EF1-AF16-314E415F22EE}.Release|x86.ActiveCfg = Release|Any CPU
		{B7720AC6-02A0-4EF1-AF16-314E415F22EE}.Release|x86.Build.0 = Release|Any CPU
		{86762868-0B67-4229-989F-B57FFFAF8D13}.Debug|Any CPU.ActiveCfg = Debug|Any CPU
		{86762868-0B67-4229-989F-B57FFFAF8D13}.Debug|Any CPU.Build.0 = Debug|Any CPU
		{86762868-0B67-4229-989F-B57FFFAF8D13}.Debug|x64.ActiveCfg = Debug|Any CPU
		{86762868-0B67-4229-989F-B57FFFAF8D13}.Debug|x64.Build.0 = Debug|Any CPU
		{86762868-0B67-4229-989F-B57FFFAF8D13}.Debug|x86.ActiveCfg = Debug|Any CPU
		{86762868-0B67-4229-989F-B57FFFAF8D13}.Debug|x86.Build.0 = Debug|Any CPU
		{86762868-0B67-4229-989F-B57FFFAF8D13}.Release|Any CPU.ActiveCfg = Release|Any CPU
		{86762868-0B67-4229-989F-B57FFFAF8D13}.Release|Any CPU.Build.0 = Release|Any CPU
		{86762868-0B67-4229-989F-B57FFFAF8D13}.Release|x64.ActiveCfg = Release|Any CPU
		{86762868-0B67-4229-989F-B57FFFAF8D13}.Release|x64.Build.0 = Release|Any CPU
		{86762868-0B67-4229-989F-B57FFFAF8D13}.Release|x86.ActiveCfg = Release|Any CPU
		{86762868-0B67-4229-989F-B57FFFAF8D13}.Release|x86.Build.0 = Release|Any CPU
		{22D54369-23F3-4AEA-BA8A-507115AB3F40}.Debug|Any CPU.ActiveCfg = Debug|Any CPU
		{22D54369-23F3-4AEA-BA8A-507115AB3F40}.Debug|Any CPU.Build.0 = Debug|Any CPU
		{22D54369-23F3-4AEA-BA8A-507115AB3F40}.Debug|x64.ActiveCfg = Debug|Any CPU
		{22D54369-23F3-4AEA-BA8A-507115AB3F40}.Debug|x64.Build.0 = Debug|Any CPU
		{22D54369-23F3-4AEA-BA8A-507115AB3F40}.Debug|x86.ActiveCfg = Debug|Any CPU
		{22D54369-23F3-4AEA-BA8A-507115AB3F40}.Debug|x86.Build.0 = Debug|Any CPU
		{22D54369-23F3-4AEA-BA8A-507115AB3F40}.Release|Any CPU.ActiveCfg = Release|Any CPU
		{22D54369-23F3-4AEA-BA8A-507115AB3F40}.Release|Any CPU.Build.0 = Release|Any CPU
		{22D54369-23F3-4AEA-BA8A-507115AB3F40}.Release|x64.ActiveCfg = Release|Any CPU
		{22D54369-23F3-4AEA-BA8A-507115AB3F40}.Release|x64.Build.0 = Release|Any CPU
		{22D54369-23F3-4AEA-BA8A-507115AB3F40}.Release|x86.ActiveCfg = Release|Any CPU
		{22D54369-23F3-4AEA-BA8A-507115AB3F40}.Release|x86.Build.0 = Release|Any CPU
		{85EFACF4-2088-42DD-9651-64C2C58051ED}.Debug|Any CPU.ActiveCfg = Debug|Any CPU
		{85EFACF4-2088-42DD-9651-64C2C58051ED}.Debug|Any CPU.Build.0 = Debug|Any CPU
		{85EFACF4-2088-42DD-9651-64C2C58051ED}.Debug|x64.ActiveCfg = Debug|Any CPU
		{85EFACF4-2088-42DD-9651-64C2C58051ED}.Debug|x64.Build.0 = Debug|Any CPU
		{85EFACF4-2088-42DD-9651-64C2C58051ED}.Debug|x86.ActiveCfg = Debug|Any CPU
		{85EFACF4-2088-42DD-9651-64C2C58051ED}.Debug|x86.Build.0 = Debug|Any CPU
		{85EFACF4-2088-42DD-9651-64C2C58051ED}.Release|Any CPU.ActiveCfg = Release|Any CPU
		{85EFACF4-2088-42DD-9651-64C2C58051ED}.Release|Any CPU.Build.0 = Release|Any CPU
		{85EFACF4-2088-42DD-9651-64C2C58051ED}.Release|x64.ActiveCfg = Release|Any CPU
		{85EFACF4-2088-42DD-9651-64C2C58051ED}.Release|x64.Build.0 = Release|Any CPU
		{85EFACF4-2088-42DD-9651-64C2C58051ED}.Release|x86.ActiveCfg = Release|Any CPU
		{85EFACF4-2088-42DD-9651-64C2C58051ED}.Release|x86.Build.0 = Release|Any CPU
		{63D0D1AE-8A7D-483A-87C2-75B85C995D5B}.Debug|Any CPU.ActiveCfg = Debug|Any CPU
		{63D0D1AE-8A7D-483A-87C2-75B85C995D5B}.Debug|Any CPU.Build.0 = Debug|Any CPU
		{63D0D1AE-8A7D-483A-87C2-75B85C995D5B}.Debug|x64.ActiveCfg = Debug|Any CPU
		{63D0D1AE-8A7D-483A-87C2-75B85C995D5B}.Debug|x64.Build.0 = Debug|Any CPU
		{63D0D1AE-8A7D-483A-87C2-75B85C995D5B}.Debug|x86.ActiveCfg = Debug|Any CPU
		{63D0D1AE-8A7D-483A-87C2-75B85C995D5B}.Debug|x86.Build.0 = Debug|Any CPU
		{63D0D1AE-8A7D-483A-87C2-75B85C995D5B}.Release|Any CPU.ActiveCfg = Release|Any CPU
		{63D0D1AE-8A7D-483A-87C2-75B85C995D5B}.Release|Any CPU.Build.0 = Release|Any CPU
		{63D0D1AE-8A7D-483A-87C2-75B85C995D5B}.Release|x64.ActiveCfg = Release|Any CPU
		{63D0D1AE-8A7D-483A-87C2-75B85C995D5B}.Release|x64.Build.0 = Release|Any CPU
		{63D0D1AE-8A7D-483A-87C2-75B85C995D5B}.Release|x86.ActiveCfg = Release|Any CPU
		{63D0D1AE-8A7D-483A-87C2-75B85C995D5B}.Release|x86.Build.0 = Release|Any CPU
		{6AFD31B1-4F07-4EDA-8419-F7C11FA63BCA}.Debug|Any CPU.ActiveCfg = Debug|Any CPU
		{6AFD31B1-4F07-4EDA-8419-F7C11FA63BCA}.Debug|Any CPU.Build.0 = Debug|Any CPU
		{6AFD31B1-4F07-4EDA-8419-F7C11FA63BCA}.Debug|x64.ActiveCfg = Debug|Any CPU
		{6AFD31B1-4F07-4EDA-8419-F7C11FA63BCA}.Debug|x64.Build.0 = Debug|Any CPU
		{6AFD31B1-4F07-4EDA-8419-F7C11FA63BCA}.Debug|x86.ActiveCfg = Debug|Any CPU
		{6AFD31B1-4F07-4EDA-8419-F7C11FA63BCA}.Debug|x86.Build.0 = Debug|Any CPU
		{6AFD31B1-4F07-4EDA-8419-F7C11FA63BCA}.Release|Any CPU.ActiveCfg = Release|Any CPU
		{6AFD31B1-4F07-4EDA-8419-F7C11FA63BCA}.Release|Any CPU.Build.0 = Release|Any CPU
		{6AFD31B1-4F07-4EDA-8419-F7C11FA63BCA}.Release|x64.ActiveCfg = Release|Any CPU
		{6AFD31B1-4F07-4EDA-8419-F7C11FA63BCA}.Release|x64.Build.0 = Release|Any CPU
		{6AFD31B1-4F07-4EDA-8419-F7C11FA63BCA}.Release|x86.ActiveCfg = Release|Any CPU
		{6AFD31B1-4F07-4EDA-8419-F7C11FA63BCA}.Release|x86.Build.0 = Release|Any CPU
		{034DA793-A18A-438B-BDB0-D02ABDB45024}.Debug|Any CPU.ActiveCfg = Debug|Any CPU
		{034DA793-A18A-438B-BDB0-D02ABDB45024}.Debug|Any CPU.Build.0 = Debug|Any CPU
		{034DA793-A18A-438B-BDB0-D02ABDB45024}.Debug|x64.ActiveCfg = Debug|Any CPU
		{034DA793-A18A-438B-BDB0-D02ABDB45024}.Debug|x64.Build.0 = Debug|Any CPU
		{034DA793-A18A-438B-BDB0-D02ABDB45024}.Debug|x86.ActiveCfg = Debug|Any CPU
		{034DA793-A18A-438B-BDB0-D02ABDB45024}.Debug|x86.Build.0 = Debug|Any CPU
		{034DA793-A18A-438B-BDB0-D02ABDB45024}.Release|Any CPU.ActiveCfg = Release|Any CPU
		{034DA793-A18A-438B-BDB0-D02ABDB45024}.Release|Any CPU.Build.0 = Release|Any CPU
		{034DA793-A18A-438B-BDB0-D02ABDB45024}.Release|x64.ActiveCfg = Release|Any CPU
		{034DA793-A18A-438B-BDB0-D02ABDB45024}.Release|x64.Build.0 = Release|Any CPU
		{034DA793-A18A-438B-BDB0-D02ABDB45024}.Release|x86.ActiveCfg = Release|Any CPU
		{034DA793-A18A-438B-BDB0-D02ABDB45024}.Release|x86.Build.0 = Release|Any CPU
		{5F62AA37-F9BE-422A-9FF9-88141889C7A1}.Debug|Any CPU.ActiveCfg = Debug|Any CPU
		{5F62AA37-F9BE-422A-9FF9-88141889C7A1}.Debug|Any CPU.Build.0 = Debug|Any CPU
		{5F62AA37-F9BE-422A-9FF9-88141889C7A1}.Debug|x64.ActiveCfg = Debug|Any CPU
		{5F62AA37-F9BE-422A-9FF9-88141889C7A1}.Debug|x64.Build.0 = Debug|Any CPU
		{5F62AA37-F9BE-422A-9FF9-88141889C7A1}.Debug|x86.ActiveCfg = Debug|Any CPU
		{5F62AA37-F9BE-422A-9FF9-88141889C7A1}.Debug|x86.Build.0 = Debug|Any CPU
		{5F62AA37-F9BE-422A-9FF9-88141889C7A1}.Release|Any CPU.ActiveCfg = Release|Any CPU
		{5F62AA37-F9BE-422A-9FF9-88141889C7A1}.Release|Any CPU.Build.0 = Release|Any CPU
		{5F62AA37-F9BE-422A-9FF9-88141889C7A1}.Release|x64.ActiveCfg = Release|Any CPU
		{5F62AA37-F9BE-422A-9FF9-88141889C7A1}.Release|x64.Build.0 = Release|Any CPU
		{5F62AA37-F9BE-422A-9FF9-88141889C7A1}.Release|x86.ActiveCfg = Release|Any CPU
		{5F62AA37-F9BE-422A-9FF9-88141889C7A1}.Release|x86.Build.0 = Release|Any CPU
		{099C1966-4C1F-4128-BEEF-41BE35B2F3AE}.Debug|Any CPU.ActiveCfg = Debug|Any CPU
		{099C1966-4C1F-4128-BEEF-41BE35B2F3AE}.Debug|Any CPU.Build.0 = Debug|Any CPU
		{099C1966-4C1F-4128-BEEF-41BE35B2F3AE}.Debug|x64.ActiveCfg = Debug|Any CPU
		{099C1966-4C1F-4128-BEEF-41BE35B2F3AE}.Debug|x64.Build.0 = Debug|Any CPU
		{099C1966-4C1F-4128-BEEF-41BE35B2F3AE}.Debug|x86.ActiveCfg = Debug|Any CPU
		{099C1966-4C1F-4128-BEEF-41BE35B2F3AE}.Debug|x86.Build.0 = Debug|Any CPU
		{099C1966-4C1F-4128-BEEF-41BE35B2F3AE}.Release|Any CPU.ActiveCfg = Release|Any CPU
		{099C1966-4C1F-4128-BEEF-41BE35B2F3AE}.Release|Any CPU.Build.0 = Release|Any CPU
		{099C1966-4C1F-4128-BEEF-41BE35B2F3AE}.Release|x64.ActiveCfg = Release|Any CPU
		{099C1966-4C1F-4128-BEEF-41BE35B2F3AE}.Release|x64.Build.0 = Release|Any CPU
		{099C1966-4C1F-4128-BEEF-41BE35B2F3AE}.Release|x86.ActiveCfg = Release|Any CPU
		{099C1966-4C1F-4128-BEEF-41BE35B2F3AE}.Release|x86.Build.0 = Release|Any CPU
		{D480E665-079B-47E8-984C-3381E5B1A9E8}.Debug|Any CPU.ActiveCfg = Debug|Any CPU
		{D480E665-079B-47E8-984C-3381E5B1A9E8}.Debug|Any CPU.Build.0 = Debug|Any CPU
		{D480E665-079B-47E8-984C-3381E5B1A9E8}.Debug|x64.ActiveCfg = Debug|Any CPU
		{D480E665-079B-47E8-984C-3381E5B1A9E8}.Debug|x64.Build.0 = Debug|Any CPU
		{D480E665-079B-47E8-984C-3381E5B1A9E8}.Debug|x86.ActiveCfg = Debug|Any CPU
		{D480E665-079B-47E8-984C-3381E5B1A9E8}.Debug|x86.Build.0 = Debug|Any CPU
		{D480E665-079B-47E8-984C-3381E5B1A9E8}.Release|Any CPU.ActiveCfg = Release|Any CPU
		{D480E665-079B-47E8-984C-3381E5B1A9E8}.Release|Any CPU.Build.0 = Release|Any CPU
		{D480E665-079B-47E8-984C-3381E5B1A9E8}.Release|x64.ActiveCfg = Release|Any CPU
		{D480E665-079B-47E8-984C-3381E5B1A9E8}.Release|x64.Build.0 = Release|Any CPU
		{D480E665-079B-47E8-984C-3381E5B1A9E8}.Release|x86.ActiveCfg = Release|Any CPU
		{D480E665-079B-47E8-984C-3381E5B1A9E8}.Release|x86.Build.0 = Release|Any CPU
		{148A988B-0F9E-4922-8630-C1E94C7043B1}.Debug|Any CPU.ActiveCfg = Debug|Any CPU
		{148A988B-0F9E-4922-8630-C1E94C7043B1}.Debug|Any CPU.Build.0 = Debug|Any CPU
		{148A988B-0F9E-4922-8630-C1E94C7043B1}.Debug|x64.ActiveCfg = Debug|Any CPU
		{148A988B-0F9E-4922-8630-C1E94C7043B1}.Debug|x64.Build.0 = Debug|Any CPU
		{148A988B-0F9E-4922-8630-C1E94C7043B1}.Debug|x86.ActiveCfg = Debug|Any CPU
		{148A988B-0F9E-4922-8630-C1E94C7043B1}.Debug|x86.Build.0 = Debug|Any CPU
		{148A988B-0F9E-4922-8630-C1E94C7043B1}.Release|Any CPU.ActiveCfg = Release|Any CPU
		{148A988B-0F9E-4922-8630-C1E94C7043B1}.Release|Any CPU.Build.0 = Release|Any CPU
		{148A988B-0F9E-4922-8630-C1E94C7043B1}.Release|x64.ActiveCfg = Release|Any CPU
		{148A988B-0F9E-4922-8630-C1E94C7043B1}.Release|x64.Build.0 = Release|Any CPU
		{148A988B-0F9E-4922-8630-C1E94C7043B1}.Release|x86.ActiveCfg = Release|Any CPU
		{148A988B-0F9E-4922-8630-C1E94C7043B1}.Release|x86.Build.0 = Release|Any CPU
		{B346B560-978D-4673-A1F8-1AC5FCC2A829}.Debug|Any CPU.ActiveCfg = Debug|Any CPU
		{B346B560-978D-4673-A1F8-1AC5FCC2A829}.Debug|Any CPU.Build.0 = Debug|Any CPU
		{B346B560-978D-4673-A1F8-1AC5FCC2A829}.Debug|x64.ActiveCfg = Debug|Any CPU
		{B346B560-978D-4673-A1F8-1AC5FCC2A829}.Debug|x64.Build.0 = Debug|Any CPU
		{B346B560-978D-4673-A1F8-1AC5FCC2A829}.Debug|x86.ActiveCfg = Debug|Any CPU
		{B346B560-978D-4673-A1F8-1AC5FCC2A829}.Debug|x86.Build.0 = Debug|Any CPU
		{B346B560-978D-4673-A1F8-1AC5FCC2A829}.Release|Any CPU.ActiveCfg = Release|Any CPU
		{B346B560-978D-4673-A1F8-1AC5FCC2A829}.Release|Any CPU.Build.0 = Release|Any CPU
		{B346B560-978D-4673-A1F8-1AC5FCC2A829}.Release|x64.ActiveCfg = Release|Any CPU
		{B346B560-978D-4673-A1F8-1AC5FCC2A829}.Release|x64.Build.0 = Release|Any CPU
		{B346B560-978D-4673-A1F8-1AC5FCC2A829}.Release|x86.ActiveCfg = Release|Any CPU
		{B346B560-978D-4673-A1F8-1AC5FCC2A829}.Release|x86.Build.0 = Release|Any CPU
		{FE0D746A-A534-49F3-8347-7448FE1DDF52}.Debug|Any CPU.ActiveCfg = Debug|Any CPU
		{FE0D746A-A534-49F3-8347-7448FE1DDF52}.Debug|Any CPU.Build.0 = Debug|Any CPU
		{FE0D746A-A534-49F3-8347-7448FE1DDF52}.Debug|x64.ActiveCfg = Debug|Any CPU
		{FE0D746A-A534-49F3-8347-7448FE1DDF52}.Debug|x64.Build.0 = Debug|Any CPU
		{FE0D746A-A534-49F3-8347-7448FE1DDF52}.Debug|x86.ActiveCfg = Debug|Any CPU
		{FE0D746A-A534-49F3-8347-7448FE1DDF52}.Debug|x86.Build.0 = Debug|Any CPU
		{FE0D746A-A534-49F3-8347-7448FE1DDF52}.Release|Any CPU.ActiveCfg = Release|Any CPU
		{FE0D746A-A534-49F3-8347-7448FE1DDF52}.Release|Any CPU.Build.0 = Release|Any CPU
		{FE0D746A-A534-49F3-8347-7448FE1DDF52}.Release|x64.ActiveCfg = Release|Any CPU
		{FE0D746A-A534-49F3-8347-7448FE1DDF52}.Release|x64.Build.0 = Release|Any CPU
		{FE0D746A-A534-49F3-8347-7448FE1DDF52}.Release|x86.ActiveCfg = Release|Any CPU
		{FE0D746A-A534-49F3-8347-7448FE1DDF52}.Release|x86.Build.0 = Release|Any CPU
		{D4A6FAF2-717D-438F-A996-4BB05DC018FF}.Debug|Any CPU.ActiveCfg = Debug|Any CPU
		{D4A6FAF2-717D-438F-A996-4BB05DC018FF}.Debug|Any CPU.Build.0 = Debug|Any CPU
		{D4A6FAF2-717D-438F-A996-4BB05DC018FF}.Debug|x64.ActiveCfg = Debug|Any CPU
		{D4A6FAF2-717D-438F-A996-4BB05DC018FF}.Debug|x64.Build.0 = Debug|Any CPU
		{D4A6FAF2-717D-438F-A996-4BB05DC018FF}.Debug|x86.ActiveCfg = Debug|Any CPU
		{D4A6FAF2-717D-438F-A996-4BB05DC018FF}.Debug|x86.Build.0 = Debug|Any CPU
		{D4A6FAF2-717D-438F-A996-4BB05DC018FF}.Release|Any CPU.ActiveCfg = Release|Any CPU
		{D4A6FAF2-717D-438F-A996-4BB05DC018FF}.Release|Any CPU.Build.0 = Release|Any CPU
		{D4A6FAF2-717D-438F-A996-4BB05DC018FF}.Release|x64.ActiveCfg = Release|Any CPU
		{D4A6FAF2-717D-438F-A996-4BB05DC018FF}.Release|x64.Build.0 = Release|Any CPU
		{D4A6FAF2-717D-438F-A996-4BB05DC018FF}.Release|x86.ActiveCfg = Release|Any CPU
		{D4A6FAF2-717D-438F-A996-4BB05DC018FF}.Release|x86.Build.0 = Release|Any CPU
		{5E5E6174-B0E6-43DD-9DA8-3BD078D51972}.Debug|Any CPU.ActiveCfg = Debug|Any CPU
		{5E5E6174-B0E6-43DD-9DA8-3BD078D51972}.Debug|Any CPU.Build.0 = Debug|Any CPU
		{5E5E6174-B0E6-43DD-9DA8-3BD078D51972}.Debug|x64.ActiveCfg = Debug|Any CPU
		{5E5E6174-B0E6-43DD-9DA8-3BD078D51972}.Debug|x64.Build.0 = Debug|Any CPU
		{5E5E6174-B0E6-43DD-9DA8-3BD078D51972}.Debug|x86.ActiveCfg = Debug|Any CPU
		{5E5E6174-B0E6-43DD-9DA8-3BD078D51972}.Debug|x86.Build.0 = Debug|Any CPU
		{5E5E6174-B0E6-43DD-9DA8-3BD078D51972}.Release|Any CPU.ActiveCfg = Release|Any CPU
		{5E5E6174-B0E6-43DD-9DA8-3BD078D51972}.Release|Any CPU.Build.0 = Release|Any CPU
		{5E5E6174-B0E6-43DD-9DA8-3BD078D51972}.Release|x64.ActiveCfg = Release|Any CPU
		{5E5E6174-B0E6-43DD-9DA8-3BD078D51972}.Release|x64.Build.0 = Release|Any CPU
		{5E5E6174-B0E6-43DD-9DA8-3BD078D51972}.Release|x86.ActiveCfg = Release|Any CPU
		{5E5E6174-B0E6-43DD-9DA8-3BD078D51972}.Release|x86.Build.0 = Release|Any CPU
		{9B46ABCF-EDE1-4423-B20B-C59E9B94029F}.Debug|Any CPU.ActiveCfg = Debug|Any CPU
		{9B46ABCF-EDE1-4423-B20B-C59E9B94029F}.Debug|Any CPU.Build.0 = Debug|Any CPU
		{9B46ABCF-EDE1-4423-B20B-C59E9B94029F}.Debug|x64.ActiveCfg = Debug|Any CPU
		{9B46ABCF-EDE1-4423-B20B-C59E9B94029F}.Debug|x64.Build.0 = Debug|Any CPU
		{9B46ABCF-EDE1-4423-B20B-C59E9B94029F}.Debug|x86.ActiveCfg = Debug|Any CPU
		{9B46ABCF-EDE1-4423-B20B-C59E9B94029F}.Debug|x86.Build.0 = Debug|Any CPU
		{9B46ABCF-EDE1-4423-B20B-C59E9B94029F}.Release|Any CPU.ActiveCfg = Release|Any CPU
		{9B46ABCF-EDE1-4423-B20B-C59E9B94029F}.Release|Any CPU.Build.0 = Release|Any CPU
		{9B46ABCF-EDE1-4423-B20B-C59E9B94029F}.Release|x64.ActiveCfg = Release|Any CPU
		{9B46ABCF-EDE1-4423-B20B-C59E9B94029F}.Release|x64.Build.0 = Release|Any CPU
		{9B46ABCF-EDE1-4423-B20B-C59E9B94029F}.Release|x86.ActiveCfg = Release|Any CPU
		{9B46ABCF-EDE1-4423-B20B-C59E9B94029F}.Release|x86.Build.0 = Release|Any CPU
		{C070B296-9183-4128-A08B-C19E2FCE9D8A}.Debug|Any CPU.ActiveCfg = Debug|Any CPU
		{C070B296-9183-4128-A08B-C19E2FCE9D8A}.Debug|Any CPU.Build.0 = Debug|Any CPU
		{C070B296-9183-4128-A08B-C19E2FCE9D8A}.Debug|x64.ActiveCfg = Debug|Any CPU
		{C070B296-9183-4128-A08B-C19E2FCE9D8A}.Debug|x64.Build.0 = Debug|Any CPU
		{C070B296-9183-4128-A08B-C19E2FCE9D8A}.Debug|x86.ActiveCfg = Debug|Any CPU
		{C070B296-9183-4128-A08B-C19E2FCE9D8A}.Debug|x86.Build.0 = Debug|Any CPU
		{C070B296-9183-4128-A08B-C19E2FCE9D8A}.Release|Any CPU.ActiveCfg = Release|Any CPU
		{C070B296-9183-4128-A08B-C19E2FCE9D8A}.Release|Any CPU.Build.0 = Release|Any CPU
		{C070B296-9183-4128-A08B-C19E2FCE9D8A}.Release|x64.ActiveCfg = Release|Any CPU
		{C070B296-9183-4128-A08B-C19E2FCE9D8A}.Release|x64.Build.0 = Release|Any CPU
		{C070B296-9183-4128-A08B-C19E2FCE9D8A}.Release|x86.ActiveCfg = Release|Any CPU
		{C070B296-9183-4128-A08B-C19E2FCE9D8A}.Release|x86.Build.0 = Release|Any CPU
		{2FD863FE-5E22-4CFF-8965-3A63F2DCB989}.Debug|Any CPU.ActiveCfg = Debug|Any CPU
		{2FD863FE-5E22-4CFF-8965-3A63F2DCB989}.Debug|Any CPU.Build.0 = Debug|Any CPU
		{2FD863FE-5E22-4CFF-8965-3A63F2DCB989}.Debug|x64.ActiveCfg = Debug|Any CPU
		{2FD863FE-5E22-4CFF-8965-3A63F2DCB989}.Debug|x64.Build.0 = Debug|Any CPU
		{2FD863FE-5E22-4CFF-8965-3A63F2DCB989}.Debug|x86.ActiveCfg = Debug|Any CPU
		{2FD863FE-5E22-4CFF-8965-3A63F2DCB989}.Debug|x86.Build.0 = Debug|Any CPU
		{2FD863FE-5E22-4CFF-8965-3A63F2DCB989}.Release|Any CPU.ActiveCfg = Release|Any CPU
		{2FD863FE-5E22-4CFF-8965-3A63F2DCB989}.Release|Any CPU.Build.0 = Release|Any CPU
		{2FD863FE-5E22-4CFF-8965-3A63F2DCB989}.Release|x64.ActiveCfg = Release|Any CPU
		{2FD863FE-5E22-4CFF-8965-3A63F2DCB989}.Release|x64.Build.0 = Release|Any CPU
		{2FD863FE-5E22-4CFF-8965-3A63F2DCB989}.Release|x86.ActiveCfg = Release|Any CPU
		{2FD863FE-5E22-4CFF-8965-3A63F2DCB989}.Release|x86.Build.0 = Release|Any CPU
		{64EADAB1-3649-4B3D-B080-9D7443003DA3}.Debug|Any CPU.ActiveCfg = Debug|Any CPU
		{64EADAB1-3649-4B3D-B080-9D7443003DA3}.Debug|Any CPU.Build.0 = Debug|Any CPU
		{64EADAB1-3649-4B3D-B080-9D7443003DA3}.Debug|x64.ActiveCfg = Debug|Any CPU
		{64EADAB1-3649-4B3D-B080-9D7443003DA3}.Debug|x64.Build.0 = Debug|Any CPU
		{64EADAB1-3649-4B3D-B080-9D7443003DA3}.Debug|x86.ActiveCfg = Debug|Any CPU
		{64EADAB1-3649-4B3D-B080-9D7443003DA3}.Debug|x86.Build.0 = Debug|Any CPU
		{64EADAB1-3649-4B3D-B080-9D7443003DA3}.Release|Any CPU.ActiveCfg = Release|Any CPU
		{64EADAB1-3649-4B3D-B080-9D7443003DA3}.Release|Any CPU.Build.0 = Release|Any CPU
		{64EADAB1-3649-4B3D-B080-9D7443003DA3}.Release|x64.ActiveCfg = Release|Any CPU
		{64EADAB1-3649-4B3D-B080-9D7443003DA3}.Release|x64.Build.0 = Release|Any CPU
		{64EADAB1-3649-4B3D-B080-9D7443003DA3}.Release|x86.ActiveCfg = Release|Any CPU
		{64EADAB1-3649-4B3D-B080-9D7443003DA3}.Release|x86.Build.0 = Release|Any CPU
		{5955EE9D-0606-43EA-A714-07F752D8B36B}.Debug|Any CPU.ActiveCfg = Debug|Any CPU
		{5955EE9D-0606-43EA-A714-07F752D8B36B}.Debug|Any CPU.Build.0 = Debug|Any CPU
		{5955EE9D-0606-43EA-A714-07F752D8B36B}.Debug|x64.ActiveCfg = Debug|Any CPU
		{5955EE9D-0606-43EA-A714-07F752D8B36B}.Debug|x64.Build.0 = Debug|Any CPU
		{5955EE9D-0606-43EA-A714-07F752D8B36B}.Debug|x86.ActiveCfg = Debug|Any CPU
		{5955EE9D-0606-43EA-A714-07F752D8B36B}.Debug|x86.Build.0 = Debug|Any CPU
		{5955EE9D-0606-43EA-A714-07F752D8B36B}.Release|Any CPU.ActiveCfg = Release|Any CPU
		{5955EE9D-0606-43EA-A714-07F752D8B36B}.Release|Any CPU.Build.0 = Release|Any CPU
		{5955EE9D-0606-43EA-A714-07F752D8B36B}.Release|x64.ActiveCfg = Release|Any CPU
		{5955EE9D-0606-43EA-A714-07F752D8B36B}.Release|x64.Build.0 = Release|Any CPU
		{5955EE9D-0606-43EA-A714-07F752D8B36B}.Release|x86.ActiveCfg = Release|Any CPU
		{5955EE9D-0606-43EA-A714-07F752D8B36B}.Release|x86.Build.0 = Release|Any CPU
		{5AEDAC6E-47F2-BE24-3D76-A4DE862169AE}.Debug|Any CPU.ActiveCfg = Debug|Any CPU
		{5AEDAC6E-47F2-BE24-3D76-A4DE862169AE}.Debug|Any CPU.Build.0 = Debug|Any CPU
		{5AEDAC6E-47F2-BE24-3D76-A4DE862169AE}.Debug|x64.ActiveCfg = Debug|Any CPU
		{5AEDAC6E-47F2-BE24-3D76-A4DE862169AE}.Debug|x64.Build.0 = Debug|Any CPU
		{5AEDAC6E-47F2-BE24-3D76-A4DE862169AE}.Debug|x86.ActiveCfg = Debug|Any CPU
		{5AEDAC6E-47F2-BE24-3D76-A4DE862169AE}.Debug|x86.Build.0 = Debug|Any CPU
		{5AEDAC6E-47F2-BE24-3D76-A4DE862169AE}.Release|Any CPU.ActiveCfg = Release|Any CPU
		{5AEDAC6E-47F2-BE24-3D76-A4DE862169AE}.Release|Any CPU.Build.0 = Release|Any CPU
		{5AEDAC6E-47F2-BE24-3D76-A4DE862169AE}.Release|x64.ActiveCfg = Release|Any CPU
		{5AEDAC6E-47F2-BE24-3D76-A4DE862169AE}.Release|x64.Build.0 = Release|Any CPU
		{5AEDAC6E-47F2-BE24-3D76-A4DE862169AE}.Release|x86.ActiveCfg = Release|Any CPU
		{5AEDAC6E-47F2-BE24-3D76-A4DE862169AE}.Release|x86.Build.0 = Release|Any CPU
		{94CA2725-0437-48FC-9774-7842F2363004}.Debug|Any CPU.ActiveCfg = Debug|Any CPU
		{94CA2725-0437-48FC-9774-7842F2363004}.Debug|Any CPU.Build.0 = Debug|Any CPU
		{94CA2725-0437-48FC-9774-7842F2363004}.Debug|x64.ActiveCfg = Debug|Any CPU
		{94CA2725-0437-48FC-9774-7842F2363004}.Debug|x64.Build.0 = Debug|Any CPU
		{94CA2725-0437-48FC-9774-7842F2363004}.Debug|x86.ActiveCfg = Debug|Any CPU
		{94CA2725-0437-48FC-9774-7842F2363004}.Debug|x86.Build.0 = Debug|Any CPU
		{94CA2725-0437-48FC-9774-7842F2363004}.Release|Any CPU.ActiveCfg = Release|Any CPU
		{94CA2725-0437-48FC-9774-7842F2363004}.Release|Any CPU.Build.0 = Release|Any CPU
		{94CA2725-0437-48FC-9774-7842F2363004}.Release|x64.ActiveCfg = Release|Any CPU
		{94CA2725-0437-48FC-9774-7842F2363004}.Release|x64.Build.0 = Release|Any CPU
		{94CA2725-0437-48FC-9774-7842F2363004}.Release|x86.ActiveCfg = Release|Any CPU
		{94CA2725-0437-48FC-9774-7842F2363004}.Release|x86.Build.0 = Release|Any CPU
		{B48B405D-4DA3-FD55-E0D5-87AED490B597}.Debug|Any CPU.ActiveCfg = Debug|Any CPU
		{B48B405D-4DA3-FD55-E0D5-87AED490B597}.Debug|Any CPU.Build.0 = Debug|Any CPU
		{B48B405D-4DA3-FD55-E0D5-87AED490B597}.Debug|x64.ActiveCfg = Debug|Any CPU
		{B48B405D-4DA3-FD55-E0D5-87AED490B597}.Debug|x64.Build.0 = Debug|Any CPU
		{B48B405D-4DA3-FD55-E0D5-87AED490B597}.Debug|x86.ActiveCfg = Debug|Any CPU
		{B48B405D-4DA3-FD55-E0D5-87AED490B597}.Debug|x86.Build.0 = Debug|Any CPU
		{B48B405D-4DA3-FD55-E0D5-87AED490B597}.Release|Any CPU.ActiveCfg = Release|Any CPU
		{B48B405D-4DA3-FD55-E0D5-87AED490B597}.Release|Any CPU.Build.0 = Release|Any CPU
		{B48B405D-4DA3-FD55-E0D5-87AED490B597}.Release|x64.ActiveCfg = Release|Any CPU
		{B48B405D-4DA3-FD55-E0D5-87AED490B597}.Release|x64.Build.0 = Release|Any CPU
		{B48B405D-4DA3-FD55-E0D5-87AED490B597}.Release|x86.ActiveCfg = Release|Any CPU
		{B48B405D-4DA3-FD55-E0D5-87AED490B597}.Release|x86.Build.0 = Release|Any CPU
		{67620A36-E999-444A-9B0F-6EBCBF830189}.Debug|Any CPU.ActiveCfg = Debug|Any CPU
		{67620A36-E999-444A-9B0F-6EBCBF830189}.Debug|Any CPU.Build.0 = Debug|Any CPU
		{67620A36-E999-444A-9B0F-6EBCBF830189}.Debug|x64.ActiveCfg = Debug|Any CPU
		{67620A36-E999-444A-9B0F-6EBCBF830189}.Debug|x64.Build.0 = Debug|Any CPU
		{67620A36-E999-444A-9B0F-6EBCBF830189}.Debug|x86.ActiveCfg = Debug|Any CPU
		{67620A36-E999-444A-9B0F-6EBCBF830189}.Debug|x86.Build.0 = Debug|Any CPU
		{67620A36-E999-444A-9B0F-6EBCBF830189}.Release|Any CPU.ActiveCfg = Release|Any CPU
		{67620A36-E999-444A-9B0F-6EBCBF830189}.Release|Any CPU.Build.0 = Release|Any CPU
		{67620A36-E999-444A-9B0F-6EBCBF830189}.Release|x64.ActiveCfg = Release|Any CPU
		{67620A36-E999-444A-9B0F-6EBCBF830189}.Release|x64.Build.0 = Release|Any CPU
		{67620A36-E999-444A-9B0F-6EBCBF830189}.Release|x86.ActiveCfg = Release|Any CPU
		{67620A36-E999-444A-9B0F-6EBCBF830189}.Release|x86.Build.0 = Release|Any CPU
		{AAD7BC55-A36F-42CA-BC73-29C3A95713D1}.Debug|Any CPU.ActiveCfg = Debug|Any CPU
		{AAD7BC55-A36F-42CA-BC73-29C3A95713D1}.Debug|Any CPU.Build.0 = Debug|Any CPU
		{AAD7BC55-A36F-42CA-BC73-29C3A95713D1}.Debug|x64.ActiveCfg = Debug|Any CPU
		{AAD7BC55-A36F-42CA-BC73-29C3A95713D1}.Debug|x64.Build.0 = Debug|Any CPU
		{AAD7BC55-A36F-42CA-BC73-29C3A95713D1}.Debug|x86.ActiveCfg = Debug|Any CPU
		{AAD7BC55-A36F-42CA-BC73-29C3A95713D1}.Debug|x86.Build.0 = Debug|Any CPU
		{AAD7BC55-A36F-42CA-BC73-29C3A95713D1}.Release|Any CPU.ActiveCfg = Release|Any CPU
		{AAD7BC55-A36F-42CA-BC73-29C3A95713D1}.Release|Any CPU.Build.0 = Release|Any CPU
		{AAD7BC55-A36F-42CA-BC73-29C3A95713D1}.Release|x64.ActiveCfg = Release|Any CPU
		{AAD7BC55-A36F-42CA-BC73-29C3A95713D1}.Release|x64.Build.0 = Release|Any CPU
		{AAD7BC55-A36F-42CA-BC73-29C3A95713D1}.Release|x86.ActiveCfg = Release|Any CPU
		{AAD7BC55-A36F-42CA-BC73-29C3A95713D1}.Release|x86.Build.0 = Release|Any CPU
		{94E4AA8F-9C93-4A30-9A1E-D8D9550832A4}.Debug|Any CPU.ActiveCfg = Debug|Any CPU
		{94E4AA8F-9C93-4A30-9A1E-D8D9550832A4}.Debug|Any CPU.Build.0 = Debug|Any CPU
		{94E4AA8F-9C93-4A30-9A1E-D8D9550832A4}.Debug|x64.ActiveCfg = Debug|Any CPU
		{94E4AA8F-9C93-4A30-9A1E-D8D9550832A4}.Debug|x64.Build.0 = Debug|Any CPU
		{94E4AA8F-9C93-4A30-9A1E-D8D9550832A4}.Debug|x86.ActiveCfg = Debug|Any CPU
		{94E4AA8F-9C93-4A30-9A1E-D8D9550832A4}.Debug|x86.Build.0 = Debug|Any CPU
		{94E4AA8F-9C93-4A30-9A1E-D8D9550832A4}.Release|Any CPU.ActiveCfg = Release|Any CPU
		{94E4AA8F-9C93-4A30-9A1E-D8D9550832A4}.Release|Any CPU.Build.0 = Release|Any CPU
		{94E4AA8F-9C93-4A30-9A1E-D8D9550832A4}.Release|x64.ActiveCfg = Release|Any CPU
		{94E4AA8F-9C93-4A30-9A1E-D8D9550832A4}.Release|x64.Build.0 = Release|Any CPU
		{94E4AA8F-9C93-4A30-9A1E-D8D9550832A4}.Release|x86.ActiveCfg = Release|Any CPU
		{94E4AA8F-9C93-4A30-9A1E-D8D9550832A4}.Release|x86.Build.0 = Release|Any CPU
		{C65212F8-D8FC-4F9D-A5C1-390197F1117E}.Debug|Any CPU.ActiveCfg = Debug|Any CPU
		{C65212F8-D8FC-4F9D-A5C1-390197F1117E}.Debug|Any CPU.Build.0 = Debug|Any CPU
		{C65212F8-D8FC-4F9D-A5C1-390197F1117E}.Debug|x64.ActiveCfg = Debug|Any CPU
		{C65212F8-D8FC-4F9D-A5C1-390197F1117E}.Debug|x64.Build.0 = Debug|Any CPU
		{C65212F8-D8FC-4F9D-A5C1-390197F1117E}.Debug|x86.ActiveCfg = Debug|Any CPU
		{C65212F8-D8FC-4F9D-A5C1-390197F1117E}.Debug|x86.Build.0 = Debug|Any CPU
		{C65212F8-D8FC-4F9D-A5C1-390197F1117E}.Release|Any CPU.ActiveCfg = Release|Any CPU
		{C65212F8-D8FC-4F9D-A5C1-390197F1117E}.Release|Any CPU.Build.0 = Release|Any CPU
		{C65212F8-D8FC-4F9D-A5C1-390197F1117E}.Release|x64.ActiveCfg = Release|Any CPU
		{C65212F8-D8FC-4F9D-A5C1-390197F1117E}.Release|x64.Build.0 = Release|Any CPU
		{C65212F8-D8FC-4F9D-A5C1-390197F1117E}.Release|x86.ActiveCfg = Release|Any CPU
		{C65212F8-D8FC-4F9D-A5C1-390197F1117E}.Release|x86.Build.0 = Release|Any CPU
		{B1952FC6-E7EF-4B43-A224-F166CCE88C87}.Debug|Any CPU.ActiveCfg = Debug|Any CPU
		{B1952FC6-E7EF-4B43-A224-F166CCE88C87}.Debug|Any CPU.Build.0 = Debug|Any CPU
		{B1952FC6-E7EF-4B43-A224-F166CCE88C87}.Debug|x64.ActiveCfg = Debug|Any CPU
		{B1952FC6-E7EF-4B43-A224-F166CCE88C87}.Debug|x64.Build.0 = Debug|Any CPU
		{B1952FC6-E7EF-4B43-A224-F166CCE88C87}.Debug|x86.ActiveCfg = Debug|Any CPU
		{B1952FC6-E7EF-4B43-A224-F166CCE88C87}.Debug|x86.Build.0 = Debug|Any CPU
		{B1952FC6-E7EF-4B43-A224-F166CCE88C87}.Release|Any CPU.ActiveCfg = Release|Any CPU
		{B1952FC6-E7EF-4B43-A224-F166CCE88C87}.Release|Any CPU.Build.0 = Release|Any CPU
		{B1952FC6-E7EF-4B43-A224-F166CCE88C87}.Release|x64.ActiveCfg = Release|Any CPU
		{B1952FC6-E7EF-4B43-A224-F166CCE88C87}.Release|x64.Build.0 = Release|Any CPU
		{B1952FC6-E7EF-4B43-A224-F166CCE88C87}.Release|x86.ActiveCfg = Release|Any CPU
		{B1952FC6-E7EF-4B43-A224-F166CCE88C87}.Release|x86.Build.0 = Release|Any CPU
		{F3688FD1-E6A7-B759-C424-D653A95A6EEE}.Debug|Any CPU.ActiveCfg = Debug|Any CPU
		{F3688FD1-E6A7-B759-C424-D653A95A6EEE}.Debug|Any CPU.Build.0 = Debug|Any CPU
		{F3688FD1-E6A7-B759-C424-D653A95A6EEE}.Debug|x64.ActiveCfg = Debug|Any CPU
		{F3688FD1-E6A7-B759-C424-D653A95A6EEE}.Debug|x64.Build.0 = Debug|Any CPU
		{F3688FD1-E6A7-B759-C424-D653A95A6EEE}.Debug|x86.ActiveCfg = Debug|Any CPU
		{F3688FD1-E6A7-B759-C424-D653A95A6EEE}.Debug|x86.Build.0 = Debug|Any CPU
		{F3688FD1-E6A7-B759-C424-D653A95A6EEE}.Release|Any CPU.ActiveCfg = Release|Any CPU
		{F3688FD1-E6A7-B759-C424-D653A95A6EEE}.Release|Any CPU.Build.0 = Release|Any CPU
		{F3688FD1-E6A7-B759-C424-D653A95A6EEE}.Release|x64.ActiveCfg = Release|Any CPU
		{F3688FD1-E6A7-B759-C424-D653A95A6EEE}.Release|x64.Build.0 = Release|Any CPU
		{F3688FD1-E6A7-B759-C424-D653A95A6EEE}.Release|x86.ActiveCfg = Release|Any CPU
		{F3688FD1-E6A7-B759-C424-D653A95A6EEE}.Release|x86.Build.0 = Release|Any CPU
		{614EDC5E-DAF5-4386-914F-7AFE23DCDD2A}.Debug|Any CPU.ActiveCfg = Debug|Any CPU
		{614EDC5E-DAF5-4386-914F-7AFE23DCDD2A}.Debug|Any CPU.Build.0 = Debug|Any CPU
		{614EDC5E-DAF5-4386-914F-7AFE23DCDD2A}.Debug|x64.ActiveCfg = Debug|Any CPU
		{614EDC5E-DAF5-4386-914F-7AFE23DCDD2A}.Debug|x64.Build.0 = Debug|Any CPU
		{614EDC5E-DAF5-4386-914F-7AFE23DCDD2A}.Debug|x86.ActiveCfg = Debug|Any CPU
		{614EDC5E-DAF5-4386-914F-7AFE23DCDD2A}.Debug|x86.Build.0 = Debug|Any CPU
		{614EDC5E-DAF5-4386-914F-7AFE23DCDD2A}.Release|Any CPU.ActiveCfg = Release|Any CPU
		{614EDC5E-DAF5-4386-914F-7AFE23DCDD2A}.Release|Any CPU.Build.0 = Release|Any CPU
		{614EDC5E-DAF5-4386-914F-7AFE23DCDD2A}.Release|x64.ActiveCfg = Release|Any CPU
		{614EDC5E-DAF5-4386-914F-7AFE23DCDD2A}.Release|x64.Build.0 = Release|Any CPU
		{614EDC5E-DAF5-4386-914F-7AFE23DCDD2A}.Release|x86.ActiveCfg = Release|Any CPU
		{614EDC5E-DAF5-4386-914F-7AFE23DCDD2A}.Release|x86.Build.0 = Release|Any CPU
		{E4626B1B-55DC-46EC-9D41-CF23BFCECC8F}.Debug|Any CPU.ActiveCfg = Debug|Any CPU
		{E4626B1B-55DC-46EC-9D41-CF23BFCECC8F}.Debug|Any CPU.Build.0 = Debug|Any CPU
		{E4626B1B-55DC-46EC-9D41-CF23BFCECC8F}.Debug|x64.ActiveCfg = Debug|Any CPU
		{E4626B1B-55DC-46EC-9D41-CF23BFCECC8F}.Debug|x64.Build.0 = Debug|Any CPU
		{E4626B1B-55DC-46EC-9D41-CF23BFCECC8F}.Debug|x86.ActiveCfg = Debug|Any CPU
		{E4626B1B-55DC-46EC-9D41-CF23BFCECC8F}.Debug|x86.Build.0 = Debug|Any CPU
		{E4626B1B-55DC-46EC-9D41-CF23BFCECC8F}.Release|Any CPU.ActiveCfg = Release|Any CPU
		{E4626B1B-55DC-46EC-9D41-CF23BFCECC8F}.Release|Any CPU.Build.0 = Release|Any CPU
		{E4626B1B-55DC-46EC-9D41-CF23BFCECC8F}.Release|x64.ActiveCfg = Release|Any CPU
		{E4626B1B-55DC-46EC-9D41-CF23BFCECC8F}.Release|x64.Build.0 = Release|Any CPU
		{E4626B1B-55DC-46EC-9D41-CF23BFCECC8F}.Release|x86.ActiveCfg = Release|Any CPU
		{E4626B1B-55DC-46EC-9D41-CF23BFCECC8F}.Release|x86.Build.0 = Release|Any CPU
		{FFFBCE23-ADD3-42C1-BE4B-8F90B90B9D58}.Debug|Any CPU.ActiveCfg = Debug|Any CPU
		{FFFBCE23-ADD3-42C1-BE4B-8F90B90B9D58}.Debug|Any CPU.Build.0 = Debug|Any CPU
		{FFFBCE23-ADD3-42C1-BE4B-8F90B90B9D58}.Debug|x64.ActiveCfg = Debug|Any CPU
		{FFFBCE23-ADD3-42C1-BE4B-8F90B90B9D58}.Debug|x64.Build.0 = Debug|Any CPU
		{FFFBCE23-ADD3-42C1-BE4B-8F90B90B9D58}.Debug|x86.ActiveCfg = Debug|Any CPU
		{FFFBCE23-ADD3-42C1-BE4B-8F90B90B9D58}.Debug|x86.Build.0 = Debug|Any CPU
		{FFFBCE23-ADD3-42C1-BE4B-8F90B90B9D58}.Release|Any CPU.ActiveCfg = Release|Any CPU
		{FFFBCE23-ADD3-42C1-BE4B-8F90B90B9D58}.Release|Any CPU.Build.0 = Release|Any CPU
		{FFFBCE23-ADD3-42C1-BE4B-8F90B90B9D58}.Release|x64.ActiveCfg = Release|Any CPU
		{FFFBCE23-ADD3-42C1-BE4B-8F90B90B9D58}.Release|x64.Build.0 = Release|Any CPU
		{FFFBCE23-ADD3-42C1-BE4B-8F90B90B9D58}.Release|x86.ActiveCfg = Release|Any CPU
		{FFFBCE23-ADD3-42C1-BE4B-8F90B90B9D58}.Release|x86.Build.0 = Release|Any CPU
		{9629C123-F86F-495F-87FB-653AD40A8729}.Debug|Any CPU.ActiveCfg = Debug|Any CPU
		{9629C123-F86F-495F-87FB-653AD40A8729}.Debug|Any CPU.Build.0 = Debug|Any CPU
		{9629C123-F86F-495F-87FB-653AD40A8729}.Debug|x64.ActiveCfg = Debug|Any CPU
		{9629C123-F86F-495F-87FB-653AD40A8729}.Debug|x64.Build.0 = Debug|Any CPU
		{9629C123-F86F-495F-87FB-653AD40A8729}.Debug|x86.ActiveCfg = Debug|Any CPU
		{9629C123-F86F-495F-87FB-653AD40A8729}.Debug|x86.Build.0 = Debug|Any CPU
		{9629C123-F86F-495F-87FB-653AD40A8729}.Release|Any CPU.ActiveCfg = Release|Any CPU
		{9629C123-F86F-495F-87FB-653AD40A8729}.Release|Any CPU.Build.0 = Release|Any CPU
		{9629C123-F86F-495F-87FB-653AD40A8729}.Release|x64.ActiveCfg = Release|Any CPU
		{9629C123-F86F-495F-87FB-653AD40A8729}.Release|x64.Build.0 = Release|Any CPU
		{9629C123-F86F-495F-87FB-653AD40A8729}.Release|x86.ActiveCfg = Release|Any CPU
		{9629C123-F86F-495F-87FB-653AD40A8729}.Release|x86.Build.0 = Release|Any CPU
		{80309187-BD20-0365-4365-DD72E36B0E20}.Debug|Any CPU.ActiveCfg = Debug|Any CPU
		{80309187-BD20-0365-4365-DD72E36B0E20}.Debug|Any CPU.Build.0 = Debug|Any CPU
		{80309187-BD20-0365-4365-DD72E36B0E20}.Debug|x64.ActiveCfg = Debug|Any CPU
		{80309187-BD20-0365-4365-DD72E36B0E20}.Debug|x64.Build.0 = Debug|Any CPU
		{80309187-BD20-0365-4365-DD72E36B0E20}.Debug|x86.ActiveCfg = Debug|Any CPU
		{80309187-BD20-0365-4365-DD72E36B0E20}.Debug|x86.Build.0 = Debug|Any CPU
		{80309187-BD20-0365-4365-DD72E36B0E20}.Release|Any CPU.ActiveCfg = Release|Any CPU
		{80309187-BD20-0365-4365-DD72E36B0E20}.Release|Any CPU.Build.0 = Release|Any CPU
		{80309187-BD20-0365-4365-DD72E36B0E20}.Release|x64.ActiveCfg = Release|Any CPU
		{80309187-BD20-0365-4365-DD72E36B0E20}.Release|x64.Build.0 = Release|Any CPU
		{80309187-BD20-0365-4365-DD72E36B0E20}.Release|x86.ActiveCfg = Release|Any CPU
		{80309187-BD20-0365-4365-DD72E36B0E20}.Release|x86.Build.0 = Release|Any CPU
		{CE2208B8-96A9-43DC-8662-E1614FB687E6}.Debug|Any CPU.ActiveCfg = Debug|Any CPU
		{CE2208B8-96A9-43DC-8662-E1614FB687E6}.Debug|Any CPU.Build.0 = Debug|Any CPU
		{CE2208B8-96A9-43DC-8662-E1614FB687E6}.Debug|x64.ActiveCfg = Debug|Any CPU
		{CE2208B8-96A9-43DC-8662-E1614FB687E6}.Debug|x64.Build.0 = Debug|Any CPU
		{CE2208B8-96A9-43DC-8662-E1614FB687E6}.Debug|x86.ActiveCfg = Debug|Any CPU
		{CE2208B8-96A9-43DC-8662-E1614FB687E6}.Debug|x86.Build.0 = Debug|Any CPU
		{CE2208B8-96A9-43DC-8662-E1614FB687E6}.Release|Any CPU.ActiveCfg = Release|Any CPU
		{CE2208B8-96A9-43DC-8662-E1614FB687E6}.Release|Any CPU.Build.0 = Release|Any CPU
		{CE2208B8-96A9-43DC-8662-E1614FB687E6}.Release|x64.ActiveCfg = Release|Any CPU
		{CE2208B8-96A9-43DC-8662-E1614FB687E6}.Release|x64.Build.0 = Release|Any CPU
		{CE2208B8-96A9-43DC-8662-E1614FB687E6}.Release|x86.ActiveCfg = Release|Any CPU
		{CE2208B8-96A9-43DC-8662-E1614FB687E6}.Release|x86.Build.0 = Release|Any CPU
		{9240AEEA-661A-40C9-AD8C-0D9C6FA9074B}.Debug|Any CPU.ActiveCfg = Debug|Any CPU
		{9240AEEA-661A-40C9-AD8C-0D9C6FA9074B}.Debug|Any CPU.Build.0 = Debug|Any CPU
		{9240AEEA-661A-40C9-AD8C-0D9C6FA9074B}.Debug|x64.ActiveCfg = Debug|Any CPU
		{9240AEEA-661A-40C9-AD8C-0D9C6FA9074B}.Debug|x64.Build.0 = Debug|Any CPU
		{9240AEEA-661A-40C9-AD8C-0D9C6FA9074B}.Debug|x86.ActiveCfg = Debug|Any CPU
		{9240AEEA-661A-40C9-AD8C-0D9C6FA9074B}.Debug|x86.Build.0 = Debug|Any CPU
		{9240AEEA-661A-40C9-AD8C-0D9C6FA9074B}.Release|Any CPU.ActiveCfg = Release|Any CPU
		{9240AEEA-661A-40C9-AD8C-0D9C6FA9074B}.Release|Any CPU.Build.0 = Release|Any CPU
		{9240AEEA-661A-40C9-AD8C-0D9C6FA9074B}.Release|x64.ActiveCfg = Release|Any CPU
		{9240AEEA-661A-40C9-AD8C-0D9C6FA9074B}.Release|x64.Build.0 = Release|Any CPU
		{9240AEEA-661A-40C9-AD8C-0D9C6FA9074B}.Release|x86.ActiveCfg = Release|Any CPU
		{9240AEEA-661A-40C9-AD8C-0D9C6FA9074B}.Release|x86.Build.0 = Release|Any CPU
		{9D6E27A9-31A2-4650-90DA-C8F60AEC13E0}.Debug|Any CPU.ActiveCfg = Debug|Any CPU
		{9D6E27A9-31A2-4650-90DA-C8F60AEC13E0}.Debug|Any CPU.Build.0 = Debug|Any CPU
		{9D6E27A9-31A2-4650-90DA-C8F60AEC13E0}.Debug|x64.ActiveCfg = Debug|Any CPU
		{9D6E27A9-31A2-4650-90DA-C8F60AEC13E0}.Debug|x64.Build.0 = Debug|Any CPU
		{9D6E27A9-31A2-4650-90DA-C8F60AEC13E0}.Debug|x86.ActiveCfg = Debug|Any CPU
		{9D6E27A9-31A2-4650-90DA-C8F60AEC13E0}.Debug|x86.Build.0 = Debug|Any CPU
		{9D6E27A9-31A2-4650-90DA-C8F60AEC13E0}.Release|Any CPU.ActiveCfg = Release|Any CPU
		{9D6E27A9-31A2-4650-90DA-C8F60AEC13E0}.Release|Any CPU.Build.0 = Release|Any CPU
		{9D6E27A9-31A2-4650-90DA-C8F60AEC13E0}.Release|x64.ActiveCfg = Release|Any CPU
		{9D6E27A9-31A2-4650-90DA-C8F60AEC13E0}.Release|x64.Build.0 = Release|Any CPU
		{9D6E27A9-31A2-4650-90DA-C8F60AEC13E0}.Release|x86.ActiveCfg = Release|Any CPU
		{9D6E27A9-31A2-4650-90DA-C8F60AEC13E0}.Release|x86.Build.0 = Release|Any CPU
		{ADE43EF7-3D0F-2DE7-9550-45AE0C9A376C}.Debug|Any CPU.ActiveCfg = Debug|Any CPU
		{ADE43EF7-3D0F-2DE7-9550-45AE0C9A376C}.Debug|Any CPU.Build.0 = Debug|Any CPU
		{ADE43EF7-3D0F-2DE7-9550-45AE0C9A376C}.Debug|x64.ActiveCfg = Debug|Any CPU
		{ADE43EF7-3D0F-2DE7-9550-45AE0C9A376C}.Debug|x64.Build.0 = Debug|Any CPU
		{ADE43EF7-3D0F-2DE7-9550-45AE0C9A376C}.Debug|x86.ActiveCfg = Debug|Any CPU
		{ADE43EF7-3D0F-2DE7-9550-45AE0C9A376C}.Debug|x86.Build.0 = Debug|Any CPU
		{ADE43EF7-3D0F-2DE7-9550-45AE0C9A376C}.Release|Any CPU.ActiveCfg = Release|Any CPU
		{ADE43EF7-3D0F-2DE7-9550-45AE0C9A376C}.Release|Any CPU.Build.0 = Release|Any CPU
		{ADE43EF7-3D0F-2DE7-9550-45AE0C9A376C}.Release|x64.ActiveCfg = Release|Any CPU
		{ADE43EF7-3D0F-2DE7-9550-45AE0C9A376C}.Release|x64.Build.0 = Release|Any CPU
		{ADE43EF7-3D0F-2DE7-9550-45AE0C9A376C}.Release|x86.ActiveCfg = Release|Any CPU
		{ADE43EF7-3D0F-2DE7-9550-45AE0C9A376C}.Release|x86.Build.0 = Release|Any CPU
		{C59AEAD6-4DDE-4BB9-B597-9B930E5EF1F1}.Debug|Any CPU.ActiveCfg = Debug|Any CPU
		{C59AEAD6-4DDE-4BB9-B597-9B930E5EF1F1}.Debug|Any CPU.Build.0 = Debug|Any CPU
		{C59AEAD6-4DDE-4BB9-B597-9B930E5EF1F1}.Debug|x64.ActiveCfg = Debug|Any CPU
		{C59AEAD6-4DDE-4BB9-B597-9B930E5EF1F1}.Debug|x64.Build.0 = Debug|Any CPU
		{C59AEAD6-4DDE-4BB9-B597-9B930E5EF1F1}.Debug|x86.ActiveCfg = Debug|Any CPU
		{C59AEAD6-4DDE-4BB9-B597-9B930E5EF1F1}.Debug|x86.Build.0 = Debug|Any CPU
		{C59AEAD6-4DDE-4BB9-B597-9B930E5EF1F1}.Release|Any CPU.ActiveCfg = Release|Any CPU
		{C59AEAD6-4DDE-4BB9-B597-9B930E5EF1F1}.Release|Any CPU.Build.0 = Release|Any CPU
		{C59AEAD6-4DDE-4BB9-B597-9B930E5EF1F1}.Release|x64.ActiveCfg = Release|Any CPU
		{C59AEAD6-4DDE-4BB9-B597-9B930E5EF1F1}.Release|x64.Build.0 = Release|Any CPU
		{C59AEAD6-4DDE-4BB9-B597-9B930E5EF1F1}.Release|x86.ActiveCfg = Release|Any CPU
		{C59AEAD6-4DDE-4BB9-B597-9B930E5EF1F1}.Release|x86.Build.0 = Release|Any CPU
		{4F4992BA-8617-4F41-A70E-2C6569B596F0}.Debug|Any CPU.ActiveCfg = Debug|Any CPU
		{4F4992BA-8617-4F41-A70E-2C6569B596F0}.Debug|Any CPU.Build.0 = Debug|Any CPU
		{4F4992BA-8617-4F41-A70E-2C6569B596F0}.Debug|x64.ActiveCfg = Debug|Any CPU
		{4F4992BA-8617-4F41-A70E-2C6569B596F0}.Debug|x64.Build.0 = Debug|Any CPU
		{4F4992BA-8617-4F41-A70E-2C6569B596F0}.Debug|x86.ActiveCfg = Debug|Any CPU
		{4F4992BA-8617-4F41-A70E-2C6569B596F0}.Debug|x86.Build.0 = Debug|Any CPU
		{4F4992BA-8617-4F41-A70E-2C6569B596F0}.Release|Any CPU.ActiveCfg = Release|Any CPU
		{4F4992BA-8617-4F41-A70E-2C6569B596F0}.Release|Any CPU.Build.0 = Release|Any CPU
		{4F4992BA-8617-4F41-A70E-2C6569B596F0}.Release|x64.ActiveCfg = Release|Any CPU
		{4F4992BA-8617-4F41-A70E-2C6569B596F0}.Release|x64.Build.0 = Release|Any CPU
		{4F4992BA-8617-4F41-A70E-2C6569B596F0}.Release|x86.ActiveCfg = Release|Any CPU
		{4F4992BA-8617-4F41-A70E-2C6569B596F0}.Release|x86.Build.0 = Release|Any CPU
		{725160D2-1402-40AB-9C50-05124F96E62D}.Debug|Any CPU.ActiveCfg = Debug|Any CPU
		{725160D2-1402-40AB-9C50-05124F96E62D}.Debug|Any CPU.Build.0 = Debug|Any CPU
		{725160D2-1402-40AB-9C50-05124F96E62D}.Debug|x64.ActiveCfg = Debug|Any CPU
		{725160D2-1402-40AB-9C50-05124F96E62D}.Debug|x64.Build.0 = Debug|Any CPU
		{725160D2-1402-40AB-9C50-05124F96E62D}.Debug|x86.ActiveCfg = Debug|Any CPU
		{725160D2-1402-40AB-9C50-05124F96E62D}.Debug|x86.Build.0 = Debug|Any CPU
		{725160D2-1402-40AB-9C50-05124F96E62D}.Release|Any CPU.ActiveCfg = Release|Any CPU
		{725160D2-1402-40AB-9C50-05124F96E62D}.Release|Any CPU.Build.0 = Release|Any CPU
		{725160D2-1402-40AB-9C50-05124F96E62D}.Release|x64.ActiveCfg = Release|Any CPU
		{725160D2-1402-40AB-9C50-05124F96E62D}.Release|x64.Build.0 = Release|Any CPU
		{725160D2-1402-40AB-9C50-05124F96E62D}.Release|x86.ActiveCfg = Release|Any CPU
		{725160D2-1402-40AB-9C50-05124F96E62D}.Release|x86.Build.0 = Release|Any CPU
		{90DD2109-5F0F-4857-8CAB-F1D86BAD1727}.Debug|Any CPU.ActiveCfg = Debug|Any CPU
		{90DD2109-5F0F-4857-8CAB-F1D86BAD1727}.Debug|Any CPU.Build.0 = Debug|Any CPU
		{90DD2109-5F0F-4857-8CAB-F1D86BAD1727}.Debug|x64.ActiveCfg = Debug|Any CPU
		{90DD2109-5F0F-4857-8CAB-F1D86BAD1727}.Debug|x64.Build.0 = Debug|Any CPU
		{90DD2109-5F0F-4857-8CAB-F1D86BAD1727}.Debug|x86.ActiveCfg = Debug|Any CPU
		{90DD2109-5F0F-4857-8CAB-F1D86BAD1727}.Debug|x86.Build.0 = Debug|Any CPU
		{90DD2109-5F0F-4857-8CAB-F1D86BAD1727}.Release|Any CPU.ActiveCfg = Release|Any CPU
		{90DD2109-5F0F-4857-8CAB-F1D86BAD1727}.Release|Any CPU.Build.0 = Release|Any CPU
		{90DD2109-5F0F-4857-8CAB-F1D86BAD1727}.Release|x64.ActiveCfg = Release|Any CPU
		{90DD2109-5F0F-4857-8CAB-F1D86BAD1727}.Release|x64.Build.0 = Release|Any CPU
		{90DD2109-5F0F-4857-8CAB-F1D86BAD1727}.Release|x86.ActiveCfg = Release|Any CPU
		{90DD2109-5F0F-4857-8CAB-F1D86BAD1727}.Release|x86.Build.0 = Release|Any CPU
		{D84A29F3-B3B4-417C-95F4-78A32AADB38A}.Debug|Any CPU.ActiveCfg = Debug|Any CPU
		{D84A29F3-B3B4-417C-95F4-78A32AADB38A}.Debug|Any CPU.Build.0 = Debug|Any CPU
		{D84A29F3-B3B4-417C-95F4-78A32AADB38A}.Debug|x64.ActiveCfg = Debug|Any CPU
		{D84A29F3-B3B4-417C-95F4-78A32AADB38A}.Debug|x64.Build.0 = Debug|Any CPU
		{D84A29F3-B3B4-417C-95F4-78A32AADB38A}.Debug|x86.ActiveCfg = Debug|Any CPU
		{D84A29F3-B3B4-417C-95F4-78A32AADB38A}.Debug|x86.Build.0 = Debug|Any CPU
		{D84A29F3-B3B4-417C-95F4-78A32AADB38A}.Release|Any CPU.ActiveCfg = Release|Any CPU
		{D84A29F3-B3B4-417C-95F4-78A32AADB38A}.Release|Any CPU.Build.0 = Release|Any CPU
		{D84A29F3-B3B4-417C-95F4-78A32AADB38A}.Release|x64.ActiveCfg = Release|Any CPU
		{D84A29F3-B3B4-417C-95F4-78A32AADB38A}.Release|x64.Build.0 = Release|Any CPU
		{D84A29F3-B3B4-417C-95F4-78A32AADB38A}.Release|x86.ActiveCfg = Release|Any CPU
		{D84A29F3-B3B4-417C-95F4-78A32AADB38A}.Release|x86.Build.0 = Release|Any CPU
	EndGlobalSection
	GlobalSection(SolutionProperties) = preSolution
		HideSolutionNode = FALSE
	EndGlobalSection
	GlobalSection(NestedProjects) = preSolution
		{F1FE80CC-CBE0-4E5D-BBF4-813ECD823BB0} = {139402E6-B8A1-40FA-9854-3023EA99D575}
		{3F5120D3-C2DA-4A5C-92DE-8BB54A83ABEF} = {139402E6-B8A1-40FA-9854-3023EA99D575}
		{F32DEEF3-EF7D-4372-87D9-E8F583C8B7C2} = {139402E6-B8A1-40FA-9854-3023EA99D575}
		{B0C52D84-75D0-4F8A-B577-EB322CE6FEB8} = {139402E6-B8A1-40FA-9854-3023EA99D575}
		{87B08B7C-E938-4B5C-AC85-25A80445E32D} = {139402E6-B8A1-40FA-9854-3023EA99D575}
		{688950F0-3D37-45CB-9B1B-176F9163B114} = {139402E6-B8A1-40FA-9854-3023EA99D575}
		{B921CF8E-4A40-421A-8253-AA3C20DAABA8} = {139402E6-B8A1-40FA-9854-3023EA99D575}
		{B3AFBF33-5877-47AD-A275-F729507C3B42} = {139402E6-B8A1-40FA-9854-3023EA99D575}
		{573D5E08-D537-4534-A564-8B36D1AA7EE2} = {D3E9FB60-C7AA-4068-AD24-79A8BC8FEF94}
		{F3CA5F1B-DCD8-4207-B343-0CD39BF97DB9} = {D3E9FB60-C7AA-4068-AD24-79A8BC8FEF94}
		{18570576-660A-45B6-A542-D3A2FE498E2B} = {31DC5EF5-AF3F-4AD2-B944-03A39E4CE043}
		{6A9B07DB-5EDD-4C75-931F-E6882FF42CC0} = {31DC5EF5-AF3F-4AD2-B944-03A39E4CE043}
		{5A4FB420-3790-49E3-8F56-5F89F553F983} = {31DC5EF5-AF3F-4AD2-B944-03A39E4CE043}
		{412886CB-D91E-4B58-B91C-E818410B90F4} = {31DC5EF5-AF3F-4AD2-B944-03A39E4CE043}
		{E79F6D1A-2256-448D-82D3-D774C206D631} = {31DC5EF5-AF3F-4AD2-B944-03A39E4CE043}
		{B7720AC6-02A0-4EF1-AF16-314E415F22EE} = {C85001B2-D8D9-49F8-A249-22AEED95792B}
		{86762868-0B67-4229-989F-B57FFFAF8D13} = {C85001B2-D8D9-49F8-A249-22AEED95792B}
		{22D54369-23F3-4AEA-BA8A-507115AB3F40} = {0749C0B9-3B34-4F69-96E7-129D45EE4901}
		{85EFACF4-2088-42DD-9651-64C2C58051ED} = {0749C0B9-3B34-4F69-96E7-129D45EE4901}
		{63D0D1AE-8A7D-483A-87C2-75B85C995D5B} = {0749C0B9-3B34-4F69-96E7-129D45EE4901}
		{6AFD31B1-4F07-4EDA-8419-F7C11FA63BCA} = {0749C0B9-3B34-4F69-96E7-129D45EE4901}
		{034DA793-A18A-438B-BDB0-D02ABDB45024} = {0749C0B9-3B34-4F69-96E7-129D45EE4901}
		{5F62AA37-F9BE-422A-9FF9-88141889C7A1} = {0749C0B9-3B34-4F69-96E7-129D45EE4901}
		{099C1966-4C1F-4128-BEEF-41BE35B2F3AE} = {6F112BF4-18AF-4774-B4C1-8E4B19257EDE}
		{D480E665-079B-47E8-984C-3381E5B1A9E8} = {6F112BF4-18AF-4774-B4C1-8E4B19257EDE}
		{148A988B-0F9E-4922-8630-C1E94C7043B1} = {6F112BF4-18AF-4774-B4C1-8E4B19257EDE}
		{B346B560-978D-4673-A1F8-1AC5FCC2A829} = {6F112BF4-18AF-4774-B4C1-8E4B19257EDE}
		{FE0D746A-A534-49F3-8347-7448FE1DDF52} = {6F112BF4-18AF-4774-B4C1-8E4B19257EDE}
		{D4A6FAF2-717D-438F-A996-4BB05DC018FF} = {6F112BF4-18AF-4774-B4C1-8E4B19257EDE}
		{5E5E6174-B0E6-43DD-9DA8-3BD078D51972} = {D3E9FB60-C7AA-4068-AD24-79A8BC8FEF94}
		{9B46ABCF-EDE1-4423-B20B-C59E9B94029F} = {D3E9FB60-C7AA-4068-AD24-79A8BC8FEF94}
		{C070B296-9183-4128-A08B-C19E2FCE9D8A} = {D11F4EC2-5455-4C0A-AB9F-675524E7D2F6}
		{2FD863FE-5E22-4CFF-8965-3A63F2DCB989} = {D11F4EC2-5455-4C0A-AB9F-675524E7D2F6}
		{64EADAB1-3649-4B3D-B080-9D7443003DA3} = {D11F4EC2-5455-4C0A-AB9F-675524E7D2F6}
		{5955EE9D-0606-43EA-A714-07F752D8B36B} = {D11F4EC2-5455-4C0A-AB9F-675524E7D2F6}
		{5AEDAC6E-47F2-BE24-3D76-A4DE862169AE} = {D11F4EC2-5455-4C0A-AB9F-675524E7D2F6}
		{94CA2725-0437-48FC-9774-7842F2363004} = {D11F4EC2-5455-4C0A-AB9F-675524E7D2F6}
		{B48B405D-4DA3-FD55-E0D5-87AED490B597} = {D11F4EC2-5455-4C0A-AB9F-675524E7D2F6}
		{67620A36-E999-444A-9B0F-6EBCBF830189} = {D11F4EC2-5455-4C0A-AB9F-675524E7D2F6}
		{139402E6-B8A1-40FA-9854-3023EA99D575} = {6C83A596-D32D-B35F-00DD-F0C99B673980}
		{D11F4EC2-5455-4C0A-AB9F-675524E7D2F6} = {7D44812E-E5D3-440F-A2A0-7F944D173C10}
		{D3E9FB60-C7AA-4068-AD24-79A8BC8FEF94} = {6C83A596-D32D-B35F-00DD-F0C99B673980}
		{31DC5EF5-AF3F-4AD2-B944-03A39E4CE043} = {6C83A596-D32D-B35F-00DD-F0C99B673980}
		{C85001B2-D8D9-49F8-A249-22AEED95792B} = {6C83A596-D32D-B35F-00DD-F0C99B673980}
		{0749C0B9-3B34-4F69-96E7-129D45EE4901} = {6C83A596-D32D-B35F-00DD-F0C99B673980}
		{6F112BF4-18AF-4774-B4C1-8E4B19257EDE} = {6C83A596-D32D-B35F-00DD-F0C99B673980}
		{5586A21B-5F37-487D-8644-F134620D124C} = {7D44812E-E5D3-440F-A2A0-7F944D173C10}
		{AAD7BC55-A36F-42CA-BC73-29C3A95713D1} = {5586A21B-5F37-487D-8644-F134620D124C}
		{94E4AA8F-9C93-4A30-9A1E-D8D9550832A4} = {5586A21B-5F37-487D-8644-F134620D124C}
		{C65212F8-D8FC-4F9D-A5C1-390197F1117E} = {5586A21B-5F37-487D-8644-F134620D124C}
		{B1952FC6-E7EF-4B43-A224-F166CCE88C87} = {5586A21B-5F37-487D-8644-F134620D124C}
		{CE7C7A6C-9DC1-4A2D-8BBE-2A70CFC14842} = {7D44812E-E5D3-440F-A2A0-7F944D173C10}
		{F3688FD1-E6A7-B759-C424-D653A95A6EEE} = {CE7C7A6C-9DC1-4A2D-8BBE-2A70CFC14842}
		{614EDC5E-DAF5-4386-914F-7AFE23DCDD2A} = {CE7C7A6C-9DC1-4A2D-8BBE-2A70CFC14842}
		{E4626B1B-55DC-46EC-9D41-CF23BFCECC8F} = {CE7C7A6C-9DC1-4A2D-8BBE-2A70CFC14842}
		{FFFBCE23-ADD3-42C1-BE4B-8F90B90B9D58} = {CE7C7A6C-9DC1-4A2D-8BBE-2A70CFC14842}
		{43F3983D-390F-48D9-9488-F4AE09BB36D5} = {7D44812E-E5D3-440F-A2A0-7F944D173C10}
		{9629C123-F86F-495F-87FB-653AD40A8729} = {43F3983D-390F-48D9-9488-F4AE09BB36D5}
		{80309187-BD20-0365-4365-DD72E36B0E20} = {43F3983D-390F-48D9-9488-F4AE09BB36D5}
		{492F69AA-CB4F-421E-B937-4C0EEA2F05EC} = {7D44812E-E5D3-440F-A2A0-7F944D173C10}
		{CE2208B8-96A9-43DC-8662-E1614FB687E6} = {492F69AA-CB4F-421E-B937-4C0EEA2F05EC}
		{9240AEEA-661A-40C9-AD8C-0D9C6FA9074B} = {31DC5EF5-AF3F-4AD2-B944-03A39E4CE043}
		{9D6E27A9-31A2-4650-90DA-C8F60AEC13E0} = {CE7C7A6C-9DC1-4A2D-8BBE-2A70CFC14842}
		{530E33DD-10DB-413E-A96D-23931823507C} = {7D44812E-E5D3-440F-A2A0-7F944D173C10}
		{ADE43EF7-3D0F-2DE7-9550-45AE0C9A376C} = {530E33DD-10DB-413E-A96D-23931823507C}
		{C59AEAD6-4DDE-4BB9-B597-9B930E5EF1F1} = {530E33DD-10DB-413E-A96D-23931823507C}
		{4F4992BA-8617-4F41-A70E-2C6569B596F0} = {530E33DD-10DB-413E-A96D-23931823507C}
		{725160D2-1402-40AB-9C50-05124F96E62D} = {530E33DD-10DB-413E-A96D-23931823507C}
		{90DD2109-5F0F-4857-8CAB-F1D86BAD1727} = {530E33DD-10DB-413E-A96D-23931823507C}
		{D84A29F3-B3B4-417C-95F4-78A32AADB38A} = {530E33DD-10DB-413E-A96D-23931823507C}
	EndGlobalSection
	GlobalSection(ExtensibilityGlobals) = postSolution
		SolutionGuid = {62CFD0F0-AC1B-4A0D-8C74-23DDD034B0E3}
	EndGlobalSection
EndGlobal
