
Microsoft Visual Studio Solution File, Format Version 12.00
# Visual Studio Version 17
VisualStudioVersion = 17.0.31903.59
MinimumVisualStudioVersion = 10.0.40219.1
Project("{FAE04EC0-301F-11D3-BF4B-00C04F79EFBC}") = "FlexCore.ORM.Core.Tests", "..\Tests\Libraries\ORM\FlexCore.ORM.Core.Tests\FlexCore.ORM.Core.Tests.csproj", "{6016AAE7-6775-4DEB-9EF1-468975575705}"
EndProject
Project("{FAE04EC0-301F-11D3-BF4B-00C04F79EFBC}") = "FlexCore.ORM.Providers.EFCore.Tests", "..\Tests\Libraries\ORM\FlexCore.ORM.Providers.EFCore.Tests\FlexCore.ORM.Providers.EFCore.Tests.csproj", "{EC19DF8E-D99A-42FD-99E8-68E3578139F3}"
EndProject
Project("{FAE04EC0-301F-11D3-BF4B-00C04F79EFBC}") = "FlexCore.Logging.Console.Tests", "..\Tests\Libraries\Logging\FlexCore.Logging.Console.Tests\FlexCore.Logging.Console.Tests.csproj", "{76A5436E-C08C-44F7-9FBD-8879A069BC29}"
EndProject
Project("{FAE04EC0-301F-11D3-BF4B-00C04F79EFBC}") = "FlexCore.Logging.Core.Tests", "..\Tests\Libraries\Logging\FlexCore.Logging.Core.Tests\FlexCore.Logging.Core.Tests.csproj", "{738859B7-CE24-47EB-A50E-7F5BDD7E9855}"
EndProject
Project("{FAE04EC0-301F-11D3-BF4B-00C04F79EFBC}") = "FlexCore.Logging.Factory.Tests", "..\Tests\Libraries\Logging\FlexCore.Logging.Factory.Tests\FlexCore.Logging.Factory.Tests.csproj", "{EF220141-1ED5-4991-9213-FC41EB034C42}"
EndProject
Project("{FAE04EC0-301F-11D3-BF4B-00C04F79EFBC}") = "FlexCore.Logging.Log4NetTests", "..\Tests\Libraries\Logging\FlexCore.Logging.Log4NetTests\FlexCore.Logging.Log4NetTests.csproj", "{78CDE71B-267F-411B-9665-923A11CAB6E7}"
EndProject
Project("{FAE04EC0-301F-11D3-BF4B-00C04F79EFBC}") = "FlexCore.Logging.Serilog.Tests", "..\Tests\Libraries\Logging\FlexCore.Logging.Serilog.Tests\FlexCore.Logging.Serilog.Tests.csproj", "{C7EDD1BE-FB9B-4D14-AF9A-2B666526A0C3}"
EndProject
Project("{FAE04EC0-301F-11D3-BF4B-00C04F79EFBC}") = "FlexCore.Infrastructure.Commands.Tests", "..\Tests\Libraries\Infrastructure\FlexCore.Infrastructure.Commands.Tests\FlexCore.Infrastructure.Commands.Tests.csproj", "{F88704EB-EBE7-438E-9DC8-C8A1A1035409}"
EndProject
Project("{FAE04EC0-301F-11D3-BF4B-00C04F79EFBC}") = "FlexCore.Database.Core.Tests", "..\Tests\Libraries\Database\FlexCore.Database.Core.Tests\FlexCore.Database.Core.Tests.csproj", "{F707E03F-98B9-4F4E-A956-BFE53B14E6AE}"
EndProject
Project("{FAE04EC0-301F-11D3-BF4B-00C04F79EFBC}") = "FlexCore.Database.Factory.Tests", "..\Tests\Libraries\Database\FlexCore.Database.Factory.Tests\FlexCore.Database.Factory.Tests.csproj", "{9FCB3D87-0EC8-424D-B649-C8B066E1B46A}"
EndProject
Project("{FAE04EC0-301F-11D3-BF4B-00C04F79EFBC}") = "FlexCore.Database.MariaDB.Tests", "..\Tests\Libraries\Database\FlexCore.Database.MariaDB.Tests\FlexCore.Database.MariaDB.Tests.csproj", "{7AB09DAD-7878-4C92-B1ED-E41060C9D6D5}"
EndProject
Project("{FAE04EC0-301F-11D3-BF4B-00C04F79EFBC}") = "FlexCore.Database.SQLite.Tests", "..\Tests\Libraries\Database\FlexCore.Database.SQLite.Tests\FlexCore.Database.SQLite.Tests.csproj", "{35341761-B87D-475E-AB08-7AD94D057302}"
EndProject
Project("{FAE04EC0-301F-11D3-BF4B-00C04F79EFBC}") = "FlexCore.Database.SQLServer.Tests", "..\Tests\Libraries\Database\FlexCore.Database.SQLServer.Tests\FlexCore.Database.SQLServer.Tests.csproj", "{FA6AC8C4-ACD9-4B48-91ED-4A1A4683AB34}"
EndProject
Project("{FAE04EC0-301F-11D3-BF4B-00C04F79EFBC}") = "FlexCore.Core.Configuration.Tests", "..\Tests\Libraries\Core\FlexCore.Core.Configuration.Tests\FlexCore.Core.Configuration.Tests.csproj", "{24C4ABC3-20D3-4C73-9543-C94E8467EB76}"
EndProject
Project("{FAE04EC0-301F-11D3-BF4B-00C04F79EFBC}") = "FlexCore.Core.Utilities.Tests", "..\Tests\Libraries\Core\FlexCore.Core.Utilities.Tests\FlexCore.Core.Utilities.Tests.csproj", "{C2B1BCCC-8CDE-46E3-B135-D911430C4696}"
EndProject
Project("{FAE04EC0-301F-11D3-BF4B-00C04F79EFBC}") = "FlexCore.Caching.Core.Tests", "..\Tests\Libraries\Caching\FlexCore.Caching.Core.Tests\FlexCore.Caching.Core.Tests.csproj", "{0134FF52-D9DD-4109-95A3-30C434B2A35D}"
EndProject
Project("{FAE04EC0-301F-11D3-BF4B-00C04F79EFBC}") = "FlexCore.Caching.Factory.Tests", "..\Tests\Libraries\Caching\FlexCore.Caching.Factory.Tests\FlexCore.Caching.Factory.Tests.csproj", "{1ED80402-DA13-4409-9170-55C50261E97A}"
EndProject
Project("{FAE04EC0-301F-11D3-BF4B-00C04F79EFBC}") = "FlexCore.Caching.Memory.Tests", "..\Tests\Libraries\Caching\FlexCore.Caching.Memory.Tests\FlexCore.Caching.Memory.Tests.csproj", "{5AF7A63F-01AE-4BB1-A7FA-D5177AF8FA2D}"
EndProject
Project("{FAE04EC0-301F-11D3-BF4B-00C04F79EFBC}") = "FlexCore.Caching.Redis.Tests", "..\Tests\Libraries\Caching\FlexCore.Caching.Redis.Tests\FlexCore.Caching.Redis.Tests.csproj", "{39D43940-DFD3-4266-AD2B-E823C65C5483}"
EndProject
Project("{FAE04EC0-301F-11D3-BF4B-00C04F79EFBC}") = "FlexCore.ORM.Core", "..\Projects\Libraries\ORM\FlexCore.ORM.Core\FlexCore.ORM.Core.csproj", "{BF07A16F-0116-4553-B085-E7CF12C8C475}"
EndProject
Project("{FAE04EC0-301F-11D3-BF4B-00C04F79EFBC}") = "FlexCore.ORM.Providers.ADO", "..\Projects\Libraries\ORM\FlexCore.ORM.Providers.ADO\FlexCore.ORM.Providers.ADO.csproj", "{2DB069D5-7CF5-438A-AAD5-3C4E47C52C19}"
EndProject
Project("{FAE04EC0-301F-11D3-BF4B-00C04F79EFBC}") = "FlexCore.ORM.Providers.Dapper", "..\Projects\Libraries\ORM\FlexCore.ORM.Providers.Dapper\FlexCore.ORM.Providers.Dapper.csproj", "{3398FEF9-F2C1-43CB-919B-2D804AA1ABF9}"
EndProject
Project("{FAE04EC0-301F-11D3-BF4B-00C04F79EFBC}") = "FlexCore.ORM.Providers.EFCore", "..\Projects\Libraries\ORM\FlexCore.ORM.Providers.EFCore\FlexCore.ORM.Providers.EFCore.csproj", "{5BAB9716-23EF-42B2-BC0B-2D2F541D56DE}"
EndProject
Project("{FAE04EC0-301F-11D3-BF4B-00C04F79EFBC}") = "FlexCore.Logging.Console", "..\Projects\Libraries\Logging\FlexCore.Logging.Console\FlexCore.Logging.Console.csproj", "{EFA9EE8E-9B8E-4B8A-96C4-3D99CC95A8C1}"
EndProject
Project("{FAE04EC0-301F-11D3-BF4B-00C04F79EFBC}") = "FlexCore.Logging.Core", "..\Projects\Libraries\Logging\FlexCore.Logging.Core\FlexCore.Logging.Core.csproj", "{EA48E529-EFCC-4827-9300-1757DB6F186A}"
EndProject
Project("{FAE04EC0-301F-11D3-BF4B-00C04F79EFBC}") = "FlexCore.Logging.Factory", "..\Projects\Libraries\Logging\FlexCore.Logging.Factory\FlexCore.Logging.Factory.csproj", "{7E991522-8BED-4BBF-BDA4-C20101F822B4}"
EndProject
Project("{FAE04EC0-301F-11D3-BF4B-00C04F79EFBC}") = "FlexCore.Logging.Log4Net", "..\Projects\Libraries\Logging\FlexCore.Logging.Log4Net\FlexCore.Logging.Log4Net.csproj", "{53BFFE96-C81E-480D-9A3E-A74556F28228}"
EndProject
Project("{FAE04EC0-301F-11D3-BF4B-00C04F79EFBC}") = "FlexCore.Logging.Serilog", "..\Projects\Libraries\Logging\FlexCore.Logging.Serilog\FlexCore.Logging.Serilog.csproj", "{9BD18DE5-BF09-4089-BD25-52E481B4CD16}"
EndProject
Project("{FAE04EC0-301F-11D3-BF4B-00C04F79EFBC}") = "FlexCore.Infrastructure.Commands", "..\Projects\Libraries\Infrastructure\FlexCore.Infrastructure.Commands\FlexCore.Infrastructure.Commands.csproj", "{B585B325-BB7B-4D38-AFBB-73056779FDB0}"
EndProject
Project("{FAE04EC0-301F-11D3-BF4B-00C04F79EFBC}") = "FlexCore.Infrastructure.Events", "..\Projects\Libraries\Infrastructure\FlexCore.Infrastructure.Events\FlexCore.Infrastructure.Events.csproj", "{F25D88DF-ABE5-40AD-B9C9-BE15D8ED8C95}"
EndProject
Project("{FAE04EC0-301F-11D3-BF4B-00C04F79EFBC}") = "FlexCore.Database.Core", "..\Projects\Libraries\Database\FlexCore.Database.Core\FlexCore.Database.Core.csproj", "{43273F3B-32F4-402C-9F24-A65EC40D7DD6}"
EndProject
Project("{FAE04EC0-301F-11D3-BF4B-00C04F79EFBC}") = "FlexCore.Database.Factory", "..\Projects\Libraries\Database\FlexCore.Database.Factory\FlexCore.Database.Factory.csproj", "{7A7478A6-80E8-4D7F-81A7-BD31003179C5}"
EndProject
Project("{FAE04EC0-301F-11D3-BF4B-00C04F79EFBC}") = "FlexCore.Database.MariaDB", "..\Projects\Libraries\Database\FlexCore.Database.MariaDB\FlexCore.Database.MariaDB.csproj", "{9A2037BB-8048-443C-9975-74EF4BE10EE0}"
EndProject
Project("{FAE04EC0-301F-11D3-BF4B-00C04F79EFBC}") = "FlexCore.Database.SQLite", "..\Projects\Libraries\Database\FlexCore.Database.SQLite\FlexCore.Database.SQLite.csproj", "{D02E42FF-5780-4B04-A9B6-6C4B303C980A}"
EndProject
Project("{FAE04EC0-301F-11D3-BF4B-00C04F79EFBC}") = "FlexCore.Database.SQLServer", "..\Projects\Libraries\Database\FlexCore.Database.SQLServer\FlexCore.Database.SQLServer.csproj", "{11E44CF0-24C0-41B3-9011-95CF71694BB0}"
EndProject
Project("{FAE04EC0-301F-11D3-BF4B-00C04F79EFBC}") = "FlexCore.Core.Configuration", "..\Projects\Libraries\Core\FlexCore.Core.Configuration\FlexCore.Core.Configuration.csproj", "{D4B5D509-A233-471D-B7B8-38B51CE44CD9}"
EndProject
Project("{FAE04EC0-301F-11D3-BF4B-00C04F79EFBC}") = "FlexCore.Core.Utilities", "..\Projects\Libraries\Core\FlexCore.Core.Utilities\FlexCore.Core.Utilities.csproj", "{F3CBF083-D0F5-469F-A80F-76377FE86E61}"
EndProject
Project("{FAE04EC0-301F-11D3-BF4B-00C04F79EFBC}") = "FlexCore.Caching.Core", "..\Projects\Libraries\Caching\FlexCore.Caching.Core\FlexCore.Caching.Core.csproj", "{6E8171A4-6545-443E-B716-52E695142837}"
EndProject
Project("{FAE04EC0-301F-11D3-BF4B-00C04F79EFBC}") = "FlexCore.Caching.Factory", "..\Projects\Libraries\Caching\FlexCore.Caching.Factory\FlexCore.Caching.Factory.csproj", "{4F8CBF12-1E42-47CA-85A1-286FE455B1D3}"
EndProject
Project("{FAE04EC0-301F-11D3-BF4B-00C04F79EFBC}") = "FlexCore.Caching.Memory", "..\Projects\Libraries\Caching\FlexCore.Caching.Memory\FlexCore.Caching.Memory.csproj", "{1468A021-9F1A-4F89-8BAA-D9D2D9830785}"
EndProject
Project("{FAE04EC0-301F-11D3-BF4B-00C04F79EFBC}") = "FlexCore.Caching.Redis", "..\Projects\Libraries\Caching\FlexCore.Caching.Redis\FlexCore.Caching.Redis.csproj", "{8391174B-5E64-4475-A066-18CFFDD58209}"
EndProject
Project("{2150E333-8FDC-42A3-9474-1A3956D46DE8}") = "Tests", "Tests", "{323C84A9-4776-4DB2-A89A-3D4A7E88079D}"
EndProject
Project("{2150E333-8FDC-42A3-9474-1A3956D46DE8}") = "Libraries", "Libraries", "{6025D545-6A88-437E-A251-53E74A2A1904}"
EndProject
Project("{2150E333-8FDC-42A3-9474-1A3956D46DE8}") = "ORM", "ORM", "{89504F29-1D94-4565-A145-EE3EF35EC397}"
EndProject
Project("{2150E333-8FDC-42A3-9474-1A3956D46DE8}") = "Logging", "Logging", "{FD028703-F68E-4DF4-B980-ECDCD6B98272}"
EndProject
Project("{2150E333-8FDC-42A3-9474-1A3956D46DE8}") = "Infrastructure", "Infrastructure", "{B09A448F-399B-430F-8918-881E1255A3D8}"
EndProject
Project("{2150E333-8FDC-42A3-9474-1A3956D46DE8}") = "Database", "Database", "{79F52185-0D84-4D03-AD20-AFE0AC36A2DC}"
EndProject
Project("{2150E333-8FDC-42A3-9474-1A3956D46DE8}") = "Core", "Core", "{89960A29-7440-402F-8A9A-237EF084578D}"
EndProject
Project("{2150E333-8FDC-42A3-9474-1A3956D46DE8}") = "Caching", "Caching", "{7B07B7C3-9509-47BF-ACA9-E6BD82FD40E7}"
EndProject
Project("{2150E333-8FDC-42A3-9474-1A3956D46DE8}") = "Projects", "Projects", "{48B8C347-B383-47F7-8216-56AFB3CE0962}"
EndProject
Project("{2150E333-8FDC-42A3-9474-1A3956D46DE8}") = "Libraries", "Libraries", "{B96B327A-7BA5-461B-B35D-5B1EFAEADA96}"
EndProject
Project("{2150E333-8FDC-42A3-9474-1A3956D46DE8}") = "ORM", "ORM", "{AD9B660B-589A-4FE5-9891-ED04AECFE232}"
EndProject
Project("{2150E333-8FDC-42A3-9474-1A3956D46DE8}") = "Logging", "Logging", "{C3BD3AE4-FA31-4C94-A585-5C09DD2288A5}"
EndProject
Project("{2150E333-8FDC-42A3-9474-1A3956D46DE8}") = "Infrastructure", "Infrastructure", "{AF32442F-C14C-4000-8D33-9D7695DB6E59}"
EndProject
Project("{2150E333-8FDC-42A3-9474-1A3956D46DE8}") = "Database", "Database", "{81A6F2A5-AA3F-417F-BBE3-C6353CC18548}"
EndProject
Project("{2150E333-8FDC-42A3-9474-1A3956D46DE8}") = "Core", "Core", "{7BEB06B9-8E76-4CAE-8A65-B562B3907E02}"
EndProject
Project("{2150E333-8FDC-42A3-9474-1A3956D46DE8}") = "Caching", "Caching", "{A671E38D-1C7E-4BE9-A940-41C3F6FC8C16}"
EndProject
Project("{2150E333-8FDC-42A3-9474-1A3956D46DE8}") = "Security", "Security", "{6C83A596-D32D-B35F-00DD-F0C99B673980}"
EndProject
Project("{2150E333-8FDC-42A3-9474-1A3956D46DE8}") = "_Varie", "_Varie", "{E72FEF59-8741-4AA9-BDAB-5B7DF2C3206B}"
	ProjectSection(SolutionItems) = preProject
		..\.gitignore = ..\.gitignore
		..\Resources\appsettings.json = ..\Resources\appsettings.json
		..\Directory.Build.props = ..\Directory.Build.props
		..\Directory.Build.targets = ..\Directory.Build.targets
		..\Documents\memo.txt = ..\Documents\memo.txt
		..\Resources\WSEnvironment.template.cs = ..\Resources\WSEnvironment.template.cs
		..\Documents\📋 CHECKLIST PER GENERAZIONE CODICE.md = ..\Documents\📋 CHECKLIST PER GENERAZIONE CODICE.md
	EndProjectSection
EndProject
Project("{FAE04EC0-301F-11D3-BF4B-00C04F79EFBC}") = "FlexCore.Caching.Common", "..\Projects\Libraries\Caching\FlexCore.Caching.Common\FlexCore.Caching.Common.csproj", "{DC1C3CA6-C3EC-432D-8CA3-166D5824DF27}"
EndProject
Project("{FAE04EC0-301F-11D3-BF4B-00C04F79EFBC}") = "FlexCore.Caching.Common.Tests", "..\Tests\Libraries\Caching\FlexCore.Caching.Common.Tests\FlexCore.Caching.Common.Tests.csproj", "{942D5489-CF3B-45E2-A694-5711B4066602}"
EndProject
Project("{FAE04EC0-301F-11D3-BF4B-00C04F79EFBC}") = "FlexCore.Caching.Interfaces.Tests", "..\Tests\Libraries\Caching\FlexCore.Caching.Interfaces.Tests\FlexCore.Caching.Interfaces.Tests.csproj", "{9FA55AF4-E6F7-DFA3-7787-C4619E2227C0}"
EndProject
Project("{FAE04EC0-301F-11D3-BF4B-00C04F79EFBC}") = "FlexCore.ORM.Providers.ADO.Tests", "..\Tests\Libraries\ORM\FlexCore.ORM.Providers.ADO.Tests\FlexCore.ORM.Providers.ADO.Tests.csproj", "{1D9D4740-82B3-4DDE-8361-FA49B297337D}"
EndProject
Project("{FAE04EC0-301F-11D3-BF4B-00C04F79EFBC}") = "FlexCore.ORM.Providers.Dapper.Tests", "..\Tests\Libraries\ORM\FlexCore.ORM.Providers.Dapper.Tests\FlexCore.ORM.Providers.Dapper.Tests.csproj", "{2E03F246-ECCF-479F-BCE3-D2E6C0E50F47}"
EndProject
Project("{FAE04EC0-301F-11D3-BF4B-00C04F79EFBC}") = "FlexCore.ORM.Factory", "..\Projects\Libraries\ORM\FlexCore.ORM.Factory\FlexCore.ORM.Factory.csproj", "{D8B95EF6-8198-1851-D350-2DEC5CA9A7EF}"
EndProject
Project("{FAE04EC0-301F-11D3-BF4B-00C04F79EFBC}") = "FlexCore.ORM.Factory.Tests", "..\Tests\Libraries\ORM\FlexCore.ORM.Factory.Tests\FlexCore.ORM.Factory.Tests.csproj", "{B386CABF-E864-C0B2-76E1-EA61F9FD3418}"
EndProject
Project("{FAE04EC0-301F-11D3-BF4B-00C04F79EFBC}") = "FlexCore.Security.Identity", "..\Projects\Libraries\Security\FlexCore.Security.Identity\FlexCore.Security.Identity.csproj", "{4A5656DE-1F3F-45CD-AD25-91B328035E33}"
EndProject
Project("{FAE04EC0-301F-11D3-BF4B-00C04F79EFBC}") = "FlexCore.Security.Identity.Tests", "..\Tests\Libraries\Security\FlexCore.Security.Identity.Tests\FlexCore.Security.Identity.Tests.csproj", "{3344B8FD-D780-4109-A2AC-C0BDEC64408F}"
EndProject
Project("{2150E333-8FDC-42A3-9474-1A3956D46DE8}") = "Security", "Security", "{920B7032-53EE-47C0-B59F-E0C0BCB6F661}"
EndProject
Project("{FAE04EC0-301F-11D3-BF4B-00C04F79EFBC}") = "FlexCore.Caching.Demo", "..\Applications\FlexCore.Caching.Demo\FlexCore.Caching.Demo.csproj", "{584E88A9-C9EF-4244-92E5-56DBC5283D34}"
EndProject
Project("{2150E333-8FDC-42A3-9474-1A3956D46DE8}") = "Applications", "Applications", "{6E158CF2-5A31-40DC-876D-2B00F3027017}"
EndProject
Project("{FAE04EC0-301F-11D3-BF4B-00C04F79EFBC}") = "FlexCore.Database.Demo", "..\Applications\FlexCore.Database.Demo\FlexCore.Database.Demo.csproj", "{204875AD-FD2E-4A43-AAFD-16019161DC81}"
EndProject
Project("{FAE04EC0-301F-11D3-BF4B-00C04F79EFBC}") = "FlexCore.Logging.Demo", "..\Applications\FlexCore.Logging.Demo\FlexCore.Logging.Demo.csproj", "{947137FD-0DA6-4D5E-8309-47EF937B5B0C}"
EndProject
Project("{FAE04EC0-301F-11D3-BF4B-00C04F79EFBC}") = "FlexCore.Configuration.Demo", "..\Applications\FlexCore.Configuration.Demo\FlexCore.Configuration.Demo.csproj", "{68FF7080-BC60-4664-90AB-A12F2BF664EA}"
EndProject
Project("{FAE04EC0-301F-11D3-BF4B-00C04F79EFBC}") = "FlexCore.Core.Exceptions", "..\Projects\Libraries\Core\FlexCore.Core.Exceptions\FlexCore.Core.Exceptions.csproj", "{F8F4C825-7DEB-4251-80DE-B16155AC1B19}"
EndProject
Project("{FAE04EC0-301F-11D3-BF4B-00C04F79EFBC}") = "FlexCore.Web", "..\Applications\FlexCore.Web\FlexCore.Web.csproj", "{769CF517-6232-45FF-8518-94E292A69245}"
EndProject
Global
	GlobalSection(SolutionConfigurationPlatforms) = preSolution
		Debug|Any CPU = Debug|Any CPU
		Release|Any CPU = Release|Any CPU
	EndGlobalSection
	GlobalSection(ProjectConfigurationPlatforms) = postSolution
		{6016AAE7-6775-4DEB-9EF1-468975575705}.Debug|Any CPU.ActiveCfg = Debug|Any CPU
		{6016AAE7-6775-4DEB-9EF1-468975575705}.Debug|Any CPU.Build.0 = Debug|Any CPU
		{6016AAE7-6775-4DEB-9EF1-468975575705}.Release|Any CPU.ActiveCfg = Release|Any CPU
		{6016AAE7-6775-4DEB-9EF1-468975575705}.Release|Any CPU.Build.0 = Release|Any CPU
		{EC19DF8E-D99A-42FD-99E8-68E3578139F3}.Debug|Any CPU.ActiveCfg = Debug|Any CPU
		{EC19DF8E-D99A-42FD-99E8-68E3578139F3}.Debug|Any CPU.Build.0 = Debug|Any CPU
		{EC19DF8E-D99A-42FD-99E8-68E3578139F3}.Release|Any CPU.ActiveCfg = Release|Any CPU
		{EC19DF8E-D99A-42FD-99E8-68E3578139F3}.Release|Any CPU.Build.0 = Release|Any CPU
		{76A5436E-C08C-44F7-9FBD-8879A069BC29}.Debug|Any CPU.ActiveCfg = Debug|Any CPU
		{76A5436E-C08C-44F7-9FBD-8879A069BC29}.Debug|Any CPU.Build.0 = Debug|Any CPU
		{76A5436E-C08C-44F7-9FBD-8879A069BC29}.Release|Any CPU.ActiveCfg = Release|Any CPU
		{76A5436E-C08C-44F7-9FBD-8879A069BC29}.Release|Any CPU.Build.0 = Release|Any CPU
		{738859B7-CE24-47EB-A50E-7F5BDD7E9855}.Debug|Any CPU.ActiveCfg = Debug|Any CPU
		{738859B7-CE24-47EB-A50E-7F5BDD7E9855}.Debug|Any CPU.Build.0 = Debug|Any CPU
		{738859B7-CE24-47EB-A50E-7F5BDD7E9855}.Release|Any CPU.ActiveCfg = Release|Any CPU
		{738859B7-CE24-47EB-A50E-7F5BDD7E9855}.Release|Any CPU.Build.0 = Release|Any CPU
		{EF220141-1ED5-4991-9213-FC41EB034C42}.Debug|Any CPU.ActiveCfg = Debug|Any CPU
		{EF220141-1ED5-4991-9213-FC41EB034C42}.Debug|Any CPU.Build.0 = Debug|Any CPU
		{EF220141-1ED5-4991-9213-FC41EB034C42}.Release|Any CPU.ActiveCfg = Release|Any CPU
		{EF220141-1ED5-4991-9213-FC41EB034C42}.Release|Any CPU.Build.0 = Release|Any CPU
		{78CDE71B-267F-411B-9665-923A11CAB6E7}.Debug|Any CPU.ActiveCfg = Debug|Any CPU
		{78CDE71B-267F-411B-9665-923A11CAB6E7}.Debug|Any CPU.Build.0 = Debug|Any CPU
		{78CDE71B-267F-411B-9665-923A11CAB6E7}.Release|Any CPU.ActiveCfg = Release|Any CPU
		{78CDE71B-267F-411B-9665-923A11CAB6E7}.Release|Any CPU.Build.0 = Release|Any CPU
		{C7EDD1BE-FB9B-4D14-AF9A-2B666526A0C3}.Debug|Any CPU.ActiveCfg = Debug|Any CPU
		{C7EDD1BE-FB9B-4D14-AF9A-2B666526A0C3}.Debug|Any CPU.Build.0 = Debug|Any CPU
		{C7EDD1BE-FB9B-4D14-AF9A-2B666526A0C3}.Release|Any CPU.ActiveCfg = Release|Any CPU
		{C7EDD1BE-FB9B-4D14-AF9A-2B666526A0C3}.Release|Any CPU.Build.0 = Release|Any CPU
		{F88704EB-EBE7-438E-9DC8-C8A1A1035409}.Debug|Any CPU.ActiveCfg = Debug|Any CPU
		{F88704EB-EBE7-438E-9DC8-C8A1A1035409}.Debug|Any CPU.Build.0 = Debug|Any CPU
		{F88704EB-EBE7-438E-9DC8-C8A1A1035409}.Release|Any CPU.ActiveCfg = Release|Any CPU
		{F88704EB-EBE7-438E-9DC8-C8A1A1035409}.Release|Any CPU.Build.0 = Release|Any CPU
		{F707E03F-98B9-4F4E-A956-BFE53B14E6AE}.Debug|Any CPU.ActiveCfg = Debug|Any CPU
		{F707E03F-98B9-4F4E-A956-BFE53B14E6AE}.Debug|Any CPU.Build.0 = Debug|Any CPU
		{F707E03F-98B9-4F4E-A956-BFE53B14E6AE}.Release|Any CPU.ActiveCfg = Release|Any CPU
		{F707E03F-98B9-4F4E-A956-BFE53B14E6AE}.Release|Any CPU.Build.0 = Release|Any CPU
		{9FCB3D87-0EC8-424D-B649-C8B066E1B46A}.Debug|Any CPU.ActiveCfg = Debug|Any CPU
		{9FCB3D87-0EC8-424D-B649-C8B066E1B46A}.Debug|Any CPU.Build.0 = Debug|Any CPU
		{9FCB3D87-0EC8-424D-B649-C8B066E1B46A}.Release|Any CPU.ActiveCfg = Release|Any CPU
		{9FCB3D87-0EC8-424D-B649-C8B066E1B46A}.Release|Any CPU.Build.0 = Release|Any CPU
		{7AB09DAD-7878-4C92-B1ED-E41060C9D6D5}.Debug|Any CPU.ActiveCfg = Debug|Any CPU
		{7AB09DAD-7878-4C92-B1ED-E41060C9D6D5}.Debug|Any CPU.Build.0 = Debug|Any CPU
		{7AB09DAD-7878-4C92-B1ED-E41060C9D6D5}.Release|Any CPU.ActiveCfg = Release|Any CPU
		{7AB09DAD-7878-4C92-B1ED-E41060C9D6D5}.Release|Any CPU.Build.0 = Release|Any CPU
		{35341761-B87D-475E-AB08-7AD94D057302}.Debug|Any CPU.ActiveCfg = Debug|Any CPU
		{35341761-B87D-475E-AB08-7AD94D057302}.Debug|Any CPU.Build.0 = Debug|Any CPU
		{35341761-B87D-475E-AB08-7AD94D057302}.Release|Any CPU.ActiveCfg = Release|Any CPU
		{35341761-B87D-475E-AB08-7AD94D057302}.Release|Any CPU.Build.0 = Release|Any CPU
		{FA6AC8C4-ACD9-4B48-91ED-4A1A4683AB34}.Debug|Any CPU.ActiveCfg = Debug|Any CPU
		{FA6AC8C4-ACD9-4B48-91ED-4A1A4683AB34}.Debug|Any CPU.Build.0 = Debug|Any CPU
		{FA6AC8C4-ACD9-4B48-91ED-4A1A4683AB34}.Release|Any CPU.ActiveCfg = Release|Any CPU
		{FA6AC8C4-ACD9-4B48-91ED-4A1A4683AB34}.Release|Any CPU.Build.0 = Release|Any CPU
		{24C4ABC3-20D3-4C73-9543-C94E8467EB76}.Debug|Any CPU.ActiveCfg = Debug|Any CPU
		{24C4ABC3-20D3-4C73-9543-C94E8467EB76}.Debug|Any CPU.Build.0 = Debug|Any CPU
		{24C4ABC3-20D3-4C73-9543-C94E8467EB76}.Release|Any CPU.ActiveCfg = Release|Any CPU
		{24C4ABC3-20D3-4C73-9543-C94E8467EB76}.Release|Any CPU.Build.0 = Release|Any CPU
		{C2B1BCCC-8CDE-46E3-B135-D911430C4696}.Debug|Any CPU.ActiveCfg = Debug|Any CPU
		{C2B1BCCC-8CDE-46E3-B135-D911430C4696}.Debug|Any CPU.Build.0 = Debug|Any CPU
		{C2B1BCCC-8CDE-46E3-B135-D911430C4696}.Release|Any CPU.ActiveCfg = Release|Any CPU
		{C2B1BCCC-8CDE-46E3-B135-D911430C4696}.Release|Any CPU.Build.0 = Release|Any CPU
		{0134FF52-D9DD-4109-95A3-30C434B2A35D}.Debug|Any CPU.ActiveCfg = Debug|Any CPU
		{0134FF52-D9DD-4109-95A3-30C434B2A35D}.Debug|Any CPU.Build.0 = Debug|Any CPU
		{0134FF52-D9DD-4109-95A3-30C434B2A35D}.Release|Any CPU.ActiveCfg = Release|Any CPU
		{0134FF52-D9DD-4109-95A3-30C434B2A35D}.Release|Any CPU.Build.0 = Release|Any CPU
		{1ED80402-DA13-4409-9170-55C50261E97A}.Debug|Any CPU.ActiveCfg = Debug|Any CPU
		{1ED80402-DA13-4409-9170-55C50261E97A}.Debug|Any CPU.Build.0 = Debug|Any CPU
		{1ED80402-DA13-4409-9170-55C50261E97A}.Release|Any CPU.ActiveCfg = Release|Any CPU
		{1ED80402-DA13-4409-9170-55C50261E97A}.Release|Any CPU.Build.0 = Release|Any CPU
		{5AF7A63F-01AE-4BB1-A7FA-D5177AF8FA2D}.Debug|Any CPU.ActiveCfg = Debug|Any CPU
		{5AF7A63F-01AE-4BB1-A7FA-D5177AF8FA2D}.Debug|Any CPU.Build.0 = Debug|Any CPU
		{5AF7A63F-01AE-4BB1-A7FA-D5177AF8FA2D}.Release|Any CPU.ActiveCfg = Release|Any CPU
		{5AF7A63F-01AE-4BB1-A7FA-D5177AF8FA2D}.Release|Any CPU.Build.0 = Release|Any CPU
		{39D43940-DFD3-4266-AD2B-E823C65C5483}.Debug|Any CPU.ActiveCfg = Debug|Any CPU
		{39D43940-DFD3-4266-AD2B-E823C65C5483}.Debug|Any CPU.Build.0 = Debug|Any CPU
		{39D43940-DFD3-4266-AD2B-E823C65C5483}.Release|Any CPU.ActiveCfg = Release|Any CPU
		{39D43940-DFD3-4266-AD2B-E823C65C5483}.Release|Any CPU.Build.0 = Release|Any CPU
		{BF07A16F-0116-4553-B085-E7CF12C8C475}.Debug|Any CPU.ActiveCfg = Debug|Any CPU
		{BF07A16F-0116-4553-B085-E7CF12C8C475}.Debug|Any CPU.Build.0 = Debug|Any CPU
		{BF07A16F-0116-4553-B085-E7CF12C8C475}.Release|Any CPU.ActiveCfg = Release|Any CPU
		{BF07A16F-0116-4553-B085-E7CF12C8C475}.Release|Any CPU.Build.0 = Release|Any CPU
		{2DB069D5-7CF5-438A-AAD5-3C4E47C52C19}.Debug|Any CPU.ActiveCfg = Debug|Any CPU
		{2DB069D5-7CF5-438A-AAD5-3C4E47C52C19}.Debug|Any CPU.Build.0 = Debug|Any CPU
		{2DB069D5-7CF5-438A-AAD5-3C4E47C52C19}.Release|Any CPU.ActiveCfg = Release|Any CPU
		{2DB069D5-7CF5-438A-AAD5-3C4E47C52C19}.Release|Any CPU.Build.0 = Release|Any CPU
		{3398FEF9-F2C1-43CB-919B-2D804AA1ABF9}.Debug|Any CPU.ActiveCfg = Debug|Any CPU
		{3398FEF9-F2C1-43CB-919B-2D804AA1ABF9}.Debug|Any CPU.Build.0 = Debug|Any CPU
		{3398FEF9-F2C1-43CB-919B-2D804AA1ABF9}.Release|Any CPU.ActiveCfg = Release|Any CPU
		{3398FEF9-F2C1-43CB-919B-2D804AA1ABF9}.Release|Any CPU.Build.0 = Release|Any CPU
		{5BAB9716-23EF-42B2-BC0B-2D2F541D56DE}.Debug|Any CPU.ActiveCfg = Debug|Any CPU
		{5BAB9716-23EF-42B2-BC0B-2D2F541D56DE}.Debug|Any CPU.Build.0 = Debug|Any CPU
		{5BAB9716-23EF-42B2-BC0B-2D2F541D56DE}.Release|Any CPU.ActiveCfg = Release|Any CPU
		{5BAB9716-23EF-42B2-BC0B-2D2F541D56DE}.Release|Any CPU.Build.0 = Release|Any CPU
		{EFA9EE8E-9B8E-4B8A-96C4-3D99CC95A8C1}.Debug|Any CPU.ActiveCfg = Debug|Any CPU
		{EFA9EE8E-9B8E-4B8A-96C4-3D99CC95A8C1}.Debug|Any CPU.Build.0 = Debug|Any CPU
		{EFA9EE8E-9B8E-4B8A-96C4-3D99CC95A8C1}.Release|Any CPU.ActiveCfg = Release|Any CPU
		{EFA9EE8E-9B8E-4B8A-96C4-3D99CC95A8C1}.Release|Any CPU.Build.0 = Release|Any CPU
		{EA48E529-EFCC-4827-9300-1757DB6F186A}.Debug|Any CPU.ActiveCfg = Debug|Any CPU
		{EA48E529-EFCC-4827-9300-1757DB6F186A}.Debug|Any CPU.Build.0 = Debug|Any CPU
		{EA48E529-EFCC-4827-9300-1757DB6F186A}.Release|Any CPU.ActiveCfg = Release|Any CPU
		{EA48E529-EFCC-4827-9300-1757DB6F186A}.Release|Any CPU.Build.0 = Release|Any CPU
		{7E991522-8BED-4BBF-BDA4-C20101F822B4}.Debug|Any CPU.ActiveCfg = Debug|Any CPU
		{7E991522-8BED-4BBF-BDA4-C20101F822B4}.Debug|Any CPU.Build.0 = Debug|Any CPU
		{7E991522-8BED-4BBF-BDA4-C20101F822B4}.Release|Any CPU.ActiveCfg = Release|Any CPU
		{7E991522-8BED-4BBF-BDA4-C20101F822B4}.Release|Any CPU.Build.0 = Release|Any CPU
		{53BFFE96-C81E-480D-9A3E-A74556F28228}.Debug|Any CPU.ActiveCfg = Debug|Any CPU
		{53BFFE96-C81E-480D-9A3E-A74556F28228}.Debug|Any CPU.Build.0 = Debug|Any CPU
		{53BFFE96-C81E-480D-9A3E-A74556F28228}.Release|Any CPU.ActiveCfg = Release|Any CPU
		{53BFFE96-C81E-480D-9A3E-A74556F28228}.Release|Any CPU.Build.0 = Release|Any CPU
		{9BD18DE5-BF09-4089-BD25-52E481B4CD16}.Debug|Any CPU.ActiveCfg = Debug|Any CPU
		{9BD18DE5-BF09-4089-BD25-52E481B4CD16}.Debug|Any CPU.Build.0 = Debug|Any CPU
		{9BD18DE5-BF09-4089-BD25-52E481B4CD16}.Release|Any CPU.ActiveCfg = Release|Any CPU
		{9BD18DE5-BF09-4089-BD25-52E481B4CD16}.Release|Any CPU.Build.0 = Release|Any CPU
		{B585B325-BB7B-4D38-AFBB-73056779FDB0}.Debug|Any CPU.ActiveCfg = Debug|Any CPU
		{B585B325-BB7B-4D38-AFBB-73056779FDB0}.Debug|Any CPU.Build.0 = Debug|Any CPU
		{B585B325-BB7B-4D38-AFBB-73056779FDB0}.Release|Any CPU.ActiveCfg = Release|Any CPU
		{B585B325-BB7B-4D38-AFBB-73056779FDB0}.Release|Any CPU.Build.0 = Release|Any CPU
		{F25D88DF-ABE5-40AD-B9C9-BE15D8ED8C95}.Debug|Any CPU.ActiveCfg = Debug|Any CPU
		{F25D88DF-ABE5-40AD-B9C9-BE15D8ED8C95}.Debug|Any CPU.Build.0 = Debug|Any CPU
		{F25D88DF-ABE5-40AD-B9C9-BE15D8ED8C95}.Release|Any CPU.ActiveCfg = Release|Any CPU
		{F25D88DF-ABE5-40AD-B9C9-BE15D8ED8C95}.Release|Any CPU.Build.0 = Release|Any CPU
		{43273F3B-32F4-402C-9F24-A65EC40D7DD6}.Debug|Any CPU.ActiveCfg = Debug|Any CPU
		{43273F3B-32F4-402C-9F24-A65EC40D7DD6}.Debug|Any CPU.Build.0 = Debug|Any CPU
		{43273F3B-32F4-402C-9F24-A65EC40D7DD6}.Release|Any CPU.ActiveCfg = Release|Any CPU
		{43273F3B-32F4-402C-9F24-A65EC40D7DD6}.Release|Any CPU.Build.0 = Release|Any CPU
		{7A7478A6-80E8-4D7F-81A7-BD31003179C5}.Debug|Any CPU.ActiveCfg = Debug|Any CPU
		{7A7478A6-80E8-4D7F-81A7-BD31003179C5}.Debug|Any CPU.Build.0 = Debug|Any CPU
		{7A7478A6-80E8-4D7F-81A7-BD31003179C5}.Release|Any CPU.ActiveCfg = Release|Any CPU
		{7A7478A6-80E8-4D7F-81A7-BD31003179C5}.Release|Any CPU.Build.0 = Release|Any CPU
		{9A2037BB-8048-443C-9975-74EF4BE10EE0}.Debug|Any CPU.ActiveCfg = Debug|Any CPU
		{9A2037BB-8048-443C-9975-74EF4BE10EE0}.Debug|Any CPU.Build.0 = Debug|Any CPU
		{9A2037BB-8048-443C-9975-74EF4BE10EE0}.Release|Any CPU.ActiveCfg = Release|Any CPU
		{9A2037BB-8048-443C-9975-74EF4BE10EE0}.Release|Any CPU.Build.0 = Release|Any CPU
		{D02E42FF-5780-4B04-A9B6-6C4B303C980A}.Debug|Any CPU.ActiveCfg = Debug|Any CPU
		{D02E42FF-5780-4B04-A9B6-6C4B303C980A}.Debug|Any CPU.Build.0 = Debug|Any CPU
		{D02E42FF-5780-4B04-A9B6-6C4B303C980A}.Release|Any CPU.ActiveCfg = Release|Any CPU
		{D02E42FF-5780-4B04-A9B6-6C4B303C980A}.Release|Any CPU.Build.0 = Release|Any CPU
		{11E44CF0-24C0-41B3-9011-95CF71694BB0}.Debug|Any CPU.ActiveCfg = Debug|Any CPU
		{11E44CF0-24C0-41B3-9011-95CF71694BB0}.Debug|Any CPU.Build.0 = Debug|Any CPU
		{11E44CF0-24C0-41B3-9011-95CF71694BB0}.Release|Any CPU.ActiveCfg = Release|Any CPU
		{11E44CF0-24C0-41B3-9011-95CF71694BB0}.Release|Any CPU.Build.0 = Release|Any CPU
		{D4B5D509-A233-471D-B7B8-38B51CE44CD9}.Debug|Any CPU.ActiveCfg = Debug|Any CPU
		{D4B5D509-A233-471D-B7B8-38B51CE44CD9}.Debug|Any CPU.Build.0 = Debug|Any CPU
		{D4B5D509-A233-471D-B7B8-38B51CE44CD9}.Release|Any CPU.ActiveCfg = Release|Any CPU
		{D4B5D509-A233-471D-B7B8-38B51CE44CD9}.Release|Any CPU.Build.0 = Release|Any CPU
		{F3CBF083-D0F5-469F-A80F-76377FE86E61}.Debug|Any CPU.ActiveCfg = Debug|Any CPU
		{F3CBF083-D0F5-469F-A80F-76377FE86E61}.Debug|Any CPU.Build.0 = Debug|Any CPU
		{F3CBF083-D0F5-469F-A80F-76377FE86E61}.Release|Any CPU.ActiveCfg = Release|Any CPU
		{F3CBF083-D0F5-469F-A80F-76377FE86E61}.Release|Any CPU.Build.0 = Release|Any CPU
		{6E8171A4-6545-443E-B716-52E695142837}.Debug|Any CPU.ActiveCfg = Debug|Any CPU
		{6E8171A4-6545-443E-B716-52E695142837}.Debug|Any CPU.Build.0 = Debug|Any CPU
		{6E8171A4-6545-443E-B716-52E695142837}.Release|Any CPU.ActiveCfg = Release|Any CPU
		{6E8171A4-6545-443E-B716-52E695142837}.Release|Any CPU.Build.0 = Release|Any CPU
		{4F8CBF12-1E42-47CA-85A1-286FE455B1D3}.Debug|Any CPU.ActiveCfg = Debug|Any CPU
		{4F8CBF12-1E42-47CA-85A1-286FE455B1D3}.Debug|Any CPU.Build.0 = Debug|Any CPU
		{4F8CBF12-1E42-47CA-85A1-286FE455B1D3}.Release|Any CPU.ActiveCfg = Release|Any CPU
		{4F8CBF12-1E42-47CA-85A1-286FE455B1D3}.Release|Any CPU.Build.0 = Release|Any CPU
		{1468A021-9F1A-4F89-8BAA-D9D2D9830785}.Debug|Any CPU.ActiveCfg = Debug|Any CPU
		{1468A021-9F1A-4F89-8BAA-D9D2D9830785}.Debug|Any CPU.Build.0 = Debug|Any CPU
		{1468A021-9F1A-4F89-8BAA-D9D2D9830785}.Release|Any CPU.ActiveCfg = Release|Any CPU
		{1468A021-9F1A-4F89-8BAA-D9D2D9830785}.Release|Any CPU.Build.0 = Release|Any CPU
		{8391174B-5E64-4475-A066-18CFFDD58209}.Debug|Any CPU.ActiveCfg = Debug|Any CPU
		{8391174B-5E64-4475-A066-18CFFDD58209}.Debug|Any CPU.Build.0 = Debug|Any CPU
		{8391174B-5E64-4475-A066-18CFFDD58209}.Release|Any CPU.ActiveCfg = Release|Any CPU
		{8391174B-5E64-4475-A066-18CFFDD58209}.Release|Any CPU.Build.0 = Release|Any CPU
		{DC1C3CA6-C3EC-432D-8CA3-166D5824DF27}.Debug|Any CPU.ActiveCfg = Debug|Any CPU
		{DC1C3CA6-C3EC-432D-8CA3-166D5824DF27}.Debug|Any CPU.Build.0 = Debug|Any CPU
		{DC1C3CA6-C3EC-432D-8CA3-166D5824DF27}.Release|Any CPU.ActiveCfg = Release|Any CPU
		{DC1C3CA6-C3EC-432D-8CA3-166D5824DF27}.Release|Any CPU.Build.0 = Release|Any CPU
		{942D5489-CF3B-45E2-A694-5711B4066602}.Debug|Any CPU.ActiveCfg = Debug|Any CPU
		{942D5489-CF3B-45E2-A694-5711B4066602}.Debug|Any CPU.Build.0 = Debug|Any CPU
		{942D5489-CF3B-45E2-A694-5711B4066602}.Release|Any CPU.ActiveCfg = Release|Any CPU
		{942D5489-CF3B-45E2-A694-5711B4066602}.Release|Any CPU.Build.0 = Release|Any CPU
		{9FA55AF4-E6F7-DFA3-7787-C4619E2227C0}.Debug|Any CPU.ActiveCfg = Debug|Any CPU
		{9FA55AF4-E6F7-DFA3-7787-C4619E2227C0}.Debug|Any CPU.Build.0 = Debug|Any CPU
		{9FA55AF4-E6F7-DFA3-7787-C4619E2227C0}.Release|Any CPU.ActiveCfg = Release|Any CPU
		{9FA55AF4-E6F7-DFA3-7787-C4619E2227C0}.Release|Any CPU.Build.0 = Release|Any CPU
		{1D9D4740-82B3-4DDE-8361-FA49B297337D}.Debug|Any CPU.ActiveCfg = Debug|Any CPU
		{1D9D4740-82B3-4DDE-8361-FA49B297337D}.Debug|Any CPU.Build.0 = Debug|Any CPU
		{1D9D4740-82B3-4DDE-8361-FA49B297337D}.Release|Any CPU.ActiveCfg = Release|Any CPU
		{1D9D4740-82B3-4DDE-8361-FA49B297337D}.Release|Any CPU.Build.0 = Release|Any CPU
		{2E03F246-ECCF-479F-BCE3-D2E6C0E50F47}.Debug|Any CPU.ActiveCfg = Debug|Any CPU
		{2E03F246-ECCF-479F-BCE3-D2E6C0E50F47}.Debug|Any CPU.Build.0 = Debug|Any CPU
		{2E03F246-ECCF-479F-BCE3-D2E6C0E50F47}.Release|Any CPU.ActiveCfg = Release|Any CPU
		{2E03F246-ECCF-479F-BCE3-D2E6C0E50F47}.Release|Any CPU.Build.0 = Release|Any CPU
		{D8B95EF6-8198-1851-D350-2DEC5CA9A7EF}.Debug|Any CPU.ActiveCfg = Debug|Any CPU
		{D8B95EF6-8198-1851-D350-2DEC5CA9A7EF}.Debug|Any CPU.Build.0 = Debug|Any CPU
		{D8B95EF6-8198-1851-D350-2DEC5CA9A7EF}.Release|Any CPU.ActiveCfg = Release|Any CPU
		{D8B95EF6-8198-1851-D350-2DEC5CA9A7EF}.Release|Any CPU.Build.0 = Release|Any CPU
		{B386CABF-E864-C0B2-76E1-EA61F9FD3418}.Debug|Any CPU.ActiveCfg = Debug|Any CPU
		{B386CABF-E864-C0B2-76E1-EA61F9FD3418}.Debug|Any CPU.Build.0 = Debug|Any CPU
		{B386CABF-E864-C0B2-76E1-EA61F9FD3418}.Release|Any CPU.ActiveCfg = Release|Any CPU
		{B386CABF-E864-C0B2-76E1-EA61F9FD3418}.Release|Any CPU.Build.0 = Release|Any CPU
		{4A5656DE-1F3F-45CD-AD25-91B328035E33}.Debug|Any CPU.ActiveCfg = Debug|Any CPU
		{4A5656DE-1F3F-45CD-AD25-91B328035E33}.Debug|Any CPU.Build.0 = Debug|Any CPU
		{4A5656DE-1F3F-45CD-AD25-91B328035E33}.Release|Any CPU.ActiveCfg = Release|Any CPU
		{4A5656DE-1F3F-45CD-AD25-91B328035E33}.Release|Any CPU.Build.0 = Release|Any CPU
		{3344B8FD-D780-4109-A2AC-C0BDEC64408F}.Debug|Any CPU.ActiveCfg = Debug|Any CPU
		{3344B8FD-D780-4109-A2AC-C0BDEC64408F}.Debug|Any CPU.Build.0 = Debug|Any CPU
		{3344B8FD-D780-4109-A2AC-C0BDEC64408F}.Release|Any CPU.ActiveCfg = Release|Any CPU
		{3344B8FD-D780-4109-A2AC-C0BDEC64408F}.Release|Any CPU.Build.0 = Release|Any CPU
		{584E88A9-C9EF-4244-92E5-56DBC5283D34}.Debug|Any CPU.ActiveCfg = Debug|Any CPU
		{584E88A9-C9EF-4244-92E5-56DBC5283D34}.Debug|Any CPU.Build.0 = Debug|Any CPU
		{584E88A9-C9EF-4244-92E5-56DBC5283D34}.Release|Any CPU.ActiveCfg = Release|Any CPU
		{584E88A9-C9EF-4244-92E5-56DBC5283D34}.Release|Any CPU.Build.0 = Release|Any CPU
		{204875AD-FD2E-4A43-AAFD-16019161DC81}.Debug|Any CPU.ActiveCfg = Debug|Any CPU
		{204875AD-FD2E-4A43-AAFD-16019161DC81}.Debug|Any CPU.Build.0 = Debug|Any CPU
		{204875AD-FD2E-4A43-AAFD-16019161DC81}.Release|Any CPU.ActiveCfg = Release|Any CPU
		{204875AD-FD2E-4A43-AAFD-16019161DC81}.Release|Any CPU.Build.0 = Release|Any CPU
		{947137FD-0DA6-4D5E-8309-47EF937B5B0C}.Debug|Any CPU.ActiveCfg = Debug|Any CPU
		{947137FD-0DA6-4D5E-8309-47EF937B5B0C}.Debug|Any CPU.Build.0 = Debug|Any CPU
		{947137FD-0DA6-4D5E-8309-47EF937B5B0C}.Release|Any CPU.ActiveCfg = Release|Any CPU
		{947137FD-0DA6-4D5E-8309-47EF937B5B0C}.Release|Any CPU.Build.0 = Release|Any CPU
		{68FF7080-BC60-4664-90AB-A12F2BF664EA}.Debug|Any CPU.ActiveCfg = Debug|Any CPU
		{68FF7080-BC60-4664-90AB-A12F2BF664EA}.Debug|Any CPU.Build.0 = Debug|Any CPU
		{68FF7080-BC60-4664-90AB-A12F2BF664EA}.Release|Any CPU.ActiveCfg = Release|Any CPU
		{68FF7080-BC60-4664-90AB-A12F2BF664EA}.Release|Any CPU.Build.0 = Release|Any CPU
		{F8F4C825-7DEB-4251-80DE-B16155AC1B19}.Debug|Any CPU.ActiveCfg = Debug|Any CPU
		{F8F4C825-7DEB-4251-80DE-B16155AC1B19}.Debug|Any CPU.Build.0 = Debug|Any CPU
		{F8F4C825-7DEB-4251-80DE-B16155AC1B19}.Release|Any CPU.ActiveCfg = Release|Any CPU
		{F8F4C825-7DEB-4251-80DE-B16155AC1B19}.Release|Any CPU.Build.0 = Release|Any CPU
		{769CF517-6232-45FF-8518-94E292A69245}.Debug|Any CPU.ActiveCfg = Debug|Any CPU
		{769CF517-6232-45FF-8518-94E292A69245}.Debug|Any CPU.Build.0 = Debug|Any CPU
		{769CF517-6232-45FF-8518-94E292A69245}.Release|Any CPU.ActiveCfg = Release|Any CPU
		{769CF517-6232-45FF-8518-94E292A69245}.Release|Any CPU.Build.0 = Release|Any CPU
	EndGlobalSection
	GlobalSection(SolutionProperties) = preSolution
		HideSolutionNode = FALSE
	EndGlobalSection
	GlobalSection(NestedProjects) = preSolution
		{6016AAE7-6775-4DEB-9EF1-468975575705} = {89504F29-1D94-4565-A145-EE3EF35EC397}
		{EC19DF8E-D99A-42FD-99E8-68E3578139F3} = {89504F29-1D94-4565-A145-EE3EF35EC397}
		{76A5436E-C08C-44F7-9FBD-8879A069BC29} = {FD028703-F68E-4DF4-B980-ECDCD6B98272}
		{738859B7-CE24-47EB-A50E-7F5BDD7E9855} = {FD028703-F68E-4DF4-B980-ECDCD6B98272}
		{EF220141-1ED5-4991-9213-FC41EB034C42} = {FD028703-F68E-4DF4-B980-ECDCD6B98272}
		{78CDE71B-267F-411B-9665-923A11CAB6E7} = {FD028703-F68E-4DF4-B980-ECDCD6B98272}
		{C7EDD1BE-FB9B-4D14-AF9A-2B666526A0C3} = {FD028703-F68E-4DF4-B980-ECDCD6B98272}
		{F88704EB-EBE7-438E-9DC8-C8A1A1035409} = {B09A448F-399B-430F-8918-881E1255A3D8}
		{F707E03F-98B9-4F4E-A956-BFE53B14E6AE} = {79F52185-0D84-4D03-AD20-AFE0AC36A2DC}
		{9FCB3D87-0EC8-424D-B649-C8B066E1B46A} = {79F52185-0D84-4D03-AD20-AFE0AC36A2DC}
		{7AB09DAD-7878-4C92-B1ED-E41060C9D6D5} = {79F52185-0D84-4D03-AD20-AFE0AC36A2DC}
		{35341761-B87D-475E-AB08-7AD94D057302} = {79F52185-0D84-4D03-AD20-AFE0AC36A2DC}
		{FA6AC8C4-ACD9-4B48-91ED-4A1A4683AB34} = {79F52185-0D84-4D03-AD20-AFE0AC36A2DC}
		{24C4ABC3-20D3-4C73-9543-C94E8467EB76} = {89960A29-7440-402F-8A9A-237EF084578D}
		{C2B1BCCC-8CDE-46E3-B135-D911430C4696} = {89960A29-7440-402F-8A9A-237EF084578D}
		{0134FF52-D9DD-4109-95A3-30C434B2A35D} = {7B07B7C3-9509-47BF-ACA9-E6BD82FD40E7}
		{1ED80402-DA13-4409-9170-55C50261E97A} = {7B07B7C3-9509-47BF-ACA9-E6BD82FD40E7}
		{5AF7A63F-01AE-4BB1-A7FA-D5177AF8FA2D} = {7B07B7C3-9509-47BF-ACA9-E6BD82FD40E7}
		{39D43940-DFD3-4266-AD2B-E823C65C5483} = {7B07B7C3-9509-47BF-ACA9-E6BD82FD40E7}
		{BF07A16F-0116-4553-B085-E7CF12C8C475} = {AD9B660B-589A-4FE5-9891-ED04AECFE232}
		{2DB069D5-7CF5-438A-AAD5-3C4E47C52C19} = {AD9B660B-589A-4FE5-9891-ED04AECFE232}
		{3398FEF9-F2C1-43CB-919B-2D804AA1ABF9} = {AD9B660B-589A-4FE5-9891-ED04AECFE232}
		{5BAB9716-23EF-42B2-BC0B-2D2F541D56DE} = {AD9B660B-589A-4FE5-9891-ED04AECFE232}
		{EFA9EE8E-9B8E-4B8A-96C4-3D99CC95A8C1} = {C3BD3AE4-FA31-4C94-A585-5C09DD2288A5}
		{EA48E529-EFCC-4827-9300-1757DB6F186A} = {C3BD3AE4-FA31-4C94-A585-5C09DD2288A5}
		{7E991522-8BED-4BBF-BDA4-C20101F822B4} = {C3BD3AE4-FA31-4C94-A585-5C09DD2288A5}
		{53BFFE96-C81E-480D-9A3E-A74556F28228} = {C3BD3AE4-FA31-4C94-A585-5C09DD2288A5}
		{9BD18DE5-BF09-4089-BD25-52E481B4CD16} = {C3BD3AE4-FA31-4C94-A585-5C09DD2288A5}
		{B585B325-BB7B-4D38-AFBB-73056779FDB0} = {AF32442F-C14C-4000-8D33-9D7695DB6E59}
		{F25D88DF-ABE5-40AD-B9C9-BE15D8ED8C95} = {AF32442F-C14C-4000-8D33-9D7695DB6E59}
		{43273F3B-32F4-402C-9F24-A65EC40D7DD6} = {81A6F2A5-AA3F-417F-BBE3-C6353CC18548}
		{7A7478A6-80E8-4D7F-81A7-BD31003179C5} = {81A6F2A5-AA3F-417F-BBE3-C6353CC18548}
		{9A2037BB-8048-443C-9975-74EF4BE10EE0} = {81A6F2A5-AA3F-417F-BBE3-C6353CC18548}
		{D02E42FF-5780-4B04-A9B6-6C4B303C980A} = {81A6F2A5-AA3F-417F-BBE3-C6353CC18548}
		{11E44CF0-24C0-41B3-9011-95CF71694BB0} = {81A6F2A5-AA3F-417F-BBE3-C6353CC18548}
		{D4B5D509-A233-471D-B7B8-38B51CE44CD9} = {7BEB06B9-8E76-4CAE-8A65-B562B3907E02}
		{F3CBF083-D0F5-469F-A80F-76377FE86E61} = {7BEB06B9-8E76-4CAE-8A65-B562B3907E02}
		{6E8171A4-6545-443E-B716-52E695142837} = {A671E38D-1C7E-4BE9-A940-41C3F6FC8C16}
		{4F8CBF12-1E42-47CA-85A1-286FE455B1D3} = {A671E38D-1C7E-4BE9-A940-41C3F6FC8C16}
		{1468A021-9F1A-4F89-8BAA-D9D2D9830785} = {A671E38D-1C7E-4BE9-A940-41C3F6FC8C16}
		{8391174B-5E64-4475-A066-18CFFDD58209} = {A671E38D-1C7E-4BE9-A940-41C3F6FC8C16}
		{6025D545-6A88-437E-A251-53E74A2A1904} = {323C84A9-4776-4DB2-A89A-3D4A7E88079D}
		{89504F29-1D94-4565-A145-EE3EF35EC397} = {6025D545-6A88-437E-A251-53E74A2A1904}
		{FD028703-F68E-4DF4-B980-ECDCD6B98272} = {6025D545-6A88-437E-A251-53E74A2A1904}
		{B09A448F-399B-430F-8918-881E1255A3D8} = {6025D545-6A88-437E-A251-53E74A2A1904}
		{79F52185-0D84-4D03-AD20-AFE0AC36A2DC} = {6025D545-6A88-437E-A251-53E74A2A1904}
		{89960A29-7440-402F-8A9A-237EF084578D} = {6025D545-6A88-437E-A251-53E74A2A1904}
		{7B07B7C3-9509-47BF-ACA9-E6BD82FD40E7} = {6025D545-6A88-437E-A251-53E74A2A1904}
		{B96B327A-7BA5-461B-B35D-5B1EFAEADA96} = {48B8C347-B383-47F7-8216-56AFB3CE0962}
		{AD9B660B-589A-4FE5-9891-ED04AECFE232} = {B96B327A-7BA5-461B-B35D-5B1EFAEADA96}
		{C3BD3AE4-FA31-4C94-A585-5C09DD2288A5} = {B96B327A-7BA5-461B-B35D-5B1EFAEADA96}
		{AF32442F-C14C-4000-8D33-9D7695DB6E59} = {B96B327A-7BA5-461B-B35D-5B1EFAEADA96}
		{81A6F2A5-AA3F-417F-BBE3-C6353CC18548} = {B96B327A-7BA5-461B-B35D-5B1EFAEADA96}
		{7BEB06B9-8E76-4CAE-8A65-B562B3907E02} = {B96B327A-7BA5-461B-B35D-5B1EFAEADA96}
		{A671E38D-1C7E-4BE9-A940-41C3F6FC8C16} = {B96B327A-7BA5-461B-B35D-5B1EFAEADA96}
		{6C83A596-D32D-B35F-00DD-F0C99B673980} = {B96B327A-7BA5-461B-B35D-5B1EFAEADA96}
		{DC1C3CA6-C3EC-432D-8CA3-166D5824DF27} = {A671E38D-1C7E-4BE9-A940-41C3F6FC8C16}
		{942D5489-CF3B-45E2-A694-5711B4066602} = {7B07B7C3-9509-47BF-ACA9-E6BD82FD40E7}
		{9FA55AF4-E6F7-DFA3-7787-C4619E2227C0} = {7B07B7C3-9509-47BF-ACA9-E6BD82FD40E7}
		{1D9D4740-82B3-4DDE-8361-FA49B297337D} = {89504F29-1D94-4565-A145-EE3EF35EC397}
		{2E03F246-ECCF-479F-BCE3-D2E6C0E50F47} = {89504F29-1D94-4565-A145-EE3EF35EC397}
		{D8B95EF6-8198-1851-D350-2DEC5CA9A7EF} = {AD9B660B-589A-4FE5-9891-ED04AECFE232}
		{B386CABF-E864-C0B2-76E1-EA61F9FD3418} = {89504F29-1D94-4565-A145-EE3EF35EC397}
		{4A5656DE-1F3F-45CD-AD25-91B328035E33} = {6C83A596-D32D-B35F-00DD-F0C99B673980}
		{3344B8FD-D780-4109-A2AC-C0BDEC64408F} = {920B7032-53EE-47C0-B59F-E0C0BCB6F661}
		{920B7032-53EE-47C0-B59F-E0C0BCB6F661} = {6025D545-6A88-437E-A251-53E74A2A1904}
		{584E88A9-C9EF-4244-92E5-56DBC5283D34} = {6E158CF2-5A31-40DC-876D-2B00F3027017}
		{204875AD-FD2E-4A43-AAFD-16019161DC81} = {6E158CF2-5A31-40DC-876D-2B00F3027017}
		{947137FD-0DA6-4D5E-8309-47EF937B5B0C} = {6E158CF2-5A31-40DC-876D-2B00F3027017}
		{68FF7080-BC60-4664-90AB-A12F2BF664EA} = {6E158CF2-5A31-40DC-876D-2B00F3027017}
		{F8F4C825-7DEB-4251-80DE-B16155AC1B19} = {7BEB06B9-8E76-4CAE-8A65-B562B3907E02}
		{769CF517-6232-45FF-8518-94E292A69245} = {6E158CF2-5A31-40DC-876D-2B00F3027017}
	EndGlobalSection
	GlobalSection(ExtensibilityGlobals) = postSolution
		SolutionGuid = {5D75F05F-2182-46C8-B043-72ACD0DE4F5B}
	EndGlobalSection
EndGlobal
